// !$*UTF8*$!
{
	archiveVersion = 1;
	classes = {
	};
	objectVersion = 56;
	objects = {

/* Begin PBXBuildFile section */
		D416800F2A5D39360038BDD9 /* FlagsApp.swift in Sources */ = {isa = PBXBuildFile; fileRef = D416800E2A5D39360038BDD9 /* FlagsApp.swift */; };
		D41680112A5D39360038BDD9 /* ContentView.swift in Sources */ = {isa = PBXBuildFile; fileRef = D41680102A5D39360038BDD9 /* ContentView.swift */; };
		D41680132A5D39380038BDD9 /* Assets.xcassets in Resources */ = {isa = PBXBuildFile; fileRef = D41680122A5D39380038BDD9 /* Assets.xcassets */; };
		D41680162A5D39380038BDD9 /* Preview Assets.xcassets in Resources */ = {isa = PBXBuildFile; fileRef = D41680152A5D39380038BDD9 /* Preview Assets.xcassets */; };
		D41680202A5D39380038BDD9 /* FlagsTests.swift in Sources */ = {isa = PBXBuildFile; fileRef = D416801F2A5D39380038BDD9 /* FlagsTests.swift */; };
		D416802A2A5D39380038BDD9 /* FlagsUITests.swift in Sources */ = {isa = PBXBuildFile; fileRef = D41680292A5D39380038BDD9 /* FlagsUITests.swift */; };
		D416802C2A5D39380038BDD9 /* FlagsUITestsLaunchTests.swift in Sources */ = {isa = PBXBuildFile; fileRef = D416802B2A5D39380038BDD9 /* FlagsUITestsLaunchTests.swift */; };
		D41680392A5D3B850038BDD9 /* Nations.swift in Sources */ = {isa = PBXBuildFile; fileRef = D41680382A5D3B850038BDD9 /* Nations.swift */; };
		D416803B2A5D453F0038BDD9 /* CountryuDetailView.swift in Sources */ = {isa = PBXBuildFile; fileRef = D416803A2A5D453F0038BDD9 /* CountryuDetailView.swift */; };
/* End PBXBuildFile section */

/* Begin PBXContainerItemProxy section */
		D416801C2A5D39380038BDD9 /* PBXContainerItemProxy */ = {
			isa = PBXContainerItemProxy;
			containerPortal = D41680032A5D39360038BDD9 /* Project object */;
			proxyType = 1;
			remoteGlobalIDString = D416800A2A5D39360038BDD9;
			remoteInfo = Flags;
		};
		D41680262A5D39380038BDD9 /* PBXContainerItemProxy */ = {
			isa = PBXContainerItemProxy;
			containerPortal = D41680032A5D39360038BDD9 /* Project object */;
			proxyType = 1;
			remoteGlobalIDString = D416800A2A5D39360038BDD9;
			remoteInfo = Flags;
		};
/* End PBXContainerItemProxy section */

/* Begin PBXFileReference section */
		D416800B2A5D39360038BDD9 /* Flags.app */ = {isa = PBXFileReference; explicitFileType = wrapper.application; includeInIndex = 0; path = Flags.app; sourceTree = BUILT_PRODUCTS_DIR; };
		D416800E2A5D39360038BDD9 /* FlagsApp.swift */ = {isa = PBXFileReference; lastKnownFileType = sourcecode.swift; path = FlagsApp.swift; sourceTree = "<group>"; };
		D41680102A5D39360038BDD9 /* ContentView.swift */ = {isa = PBXFileReference; lastKnownFileType = sourcecode.swift; path = ContentView.swift; sourceTree = "<group>"; };
		D41680122A5D39380038BDD9 /* Assets.xcassets */ = {isa = PBXFileReference; lastKnownFileType = folder.assetcatalog; path = Assets.xcassets; sourceTree = "<group>"; };
		D41680152A5D39380038BDD9 /* Preview Assets.xcassets */ = {isa = PBXFileReference; lastKnownFileType = folder.assetcatalog; path = "Preview Assets.xcassets"; sourceTree = "<group>"; };
		D416801B2A5D39380038BDD9 /* FlagsTests.xctest */ = {isa = PBXFileReference; explicitFileType = wrapper.cfbundle; includeInIndex = 0; path = FlagsTests.xctest; sourceTree = BUILT_PRODUCTS_DIR; };
		D416801F2A5D39380038BDD9 /* FlagsTests.swift */ = {isa = PBXFileReference; lastKnownFileType = sourcecode.swift; path = FlagsTests.swift; sourceTree = "<group>"; };
		D41680252A5D39380038BDD9 /* FlagsUITests.xctest */ = {isa = PBXFileReference; explicitFileType = wrapper.cfbundle; includeInIndex = 0; path = FlagsUITests.xctest; sourceTree = BUILT_PRODUCTS_DIR; };
		D41680292A5D39380038BDD9 /* FlagsUITests.swift */ = {isa = PBXFileReference; lastKnownFileType = sourcecode.swift; path = FlagsUITests.swift; sourceTree = "<group>"; };
		D416802B2A5D39380038BDD9 /* FlagsUITestsLaunchTests.swift */ = {isa = PBXFileReference; lastKnownFileType = sourcecode.swift; path = FlagsUITestsLaunchTests.swift; sourceTree = "<group>"; };
		D41680382A5D3B850038BDD9 /* Nations.swift */ = {isa = PBXFileReference; lastKnownFileType = sourcecode.swift; path = Nations.swift; sourceTree = "<group>"; };
		D416803A2A5D453F0038BDD9 /* CountryuDetailView.swift */ = {isa = PBXFileReference; lastKnownFileType = sourcecode.swift; path = CountryuDetailView.swift; sourceTree = "<group>"; };
/* End PBXFileReference section */

/* Begin PBXFrameworksBuildPhase section */
		D41680082A5D39360038BDD9 /* Frameworks */ = {
			isa = PBXFrameworksBuildPhase;
			buildActionMask = 2147483647;
			files = (
			);
			runOnlyForDeploymentPostprocessing = 0;
		};
		D41680182A5D39380038BDD9 /* Frameworks */ = {
			isa = PBXFrameworksBuildPhase;
			buildActionMask = 2147483647;
			files = (
			);
			runOnlyForDeploymentPostprocessing = 0;
		};
		D41680222A5D39380038BDD9 /* Frameworks */ = {
			isa = PBXFrameworksBuildPhase;
			buildActionMask = 2147483647;
			files = (
			);
			runOnlyForDeploymentPostprocessing = 0;
		};
/* End PBXFrameworksBuildPhase section */

/* Begin PBXGroup section */
		D41680022A5D39360038BDD9 = {
			isa = PBXGroup;
			children = (
				D416800D2A5D39360038BDD9 /* Flags */,
				D416801E2A5D39380038BDD9 /* FlagsTests */,
				D41680282A5D39380038BDD9 /* FlagsUITests */,
				D416800C2A5D39360038BDD9 /* Products */,
			);
			sourceTree = "<group>";
		};
		D416800C2A5D39360038BDD9 /* Products */ = {
			isa = PBXGroup;
			children = (
				D416800B2A5D39360038BDD9 /* Flags.app */,
				D416801B2A5D39380038BDD9 /* FlagsTests.xctest */,
				D41680252A5D39380038BDD9 /* FlagsUITests.xctest */,
			);
			name = Products;
			sourceTree = "<group>";
		};
		D416800D2A5D39360038BDD9 /* Flags */ = {
			isa = PBXGroup;
			children = (
				D416800E2A5D39360038BDD9 /* FlagsApp.swift */,
				D41680102A5D39360038BDD9 /* ContentView.swift */,
				D41680122A5D39380038BDD9 /* Assets.xcassets */,
				D41680142A5D39380038BDD9 /* Preview Content */,
				D41680382A5D3B850038BDD9 /* Nations.swift */,
				D416803A2A5D453F0038BDD9 /* CountryuDetailView.swift */,
			);
			path = Flags;
			sourceTree = "<group>";
		};
		D41680142A5D39380038BDD9 /* Preview Content */ = {
			isa = PBXGroup;
			children = (
				D41680152A5D39380038BDD9 /* Preview Assets.xcassets */,
			);
			path = "Preview Content";
			sourceTree = "<group>";
		};
		D416801E2A5D39380038BDD9 /* FlagsTests */ = {
			isa = PBXGroup;
			children = (
				D416801F2A5D39380038BDD9 /* FlagsTests.swift */,
			);
			path = FlagsTests;
			sourceTree = "<group>";
		};
		D41680282A5D39380038BDD9 /* FlagsUITests */ = {
			isa = PBXGroup;
			children = (
				D41680292A5D39380038BDD9 /* FlagsUITests.swift */,
				D416802B2A5D39380038BDD9 /* FlagsUITestsLaunchTests.swift */,
			);
			path = FlagsUITests;
			sourceTree = "<group>";
		};
/* End PBXGroup section */

/* Begin PBXNativeTarget section */
		D416800A2A5D39360038BDD9 /* Flags */ = {
			isa = PBXNativeTarget;
			buildConfigurationList = D416802F2A5D39380038BDD9 /* Build configuration list for PBXNativeTarget "Flags" */;
			buildPhases = (
				D41680072A5D39360038BDD9 /* Sources */,
				D41680082A5D39360038BDD9 /* Frameworks */,
				D41680092A5D39360038BDD9 /* Resources */,
			);
			buildRules = (
			);
			dependencies = (
			);
			name = Flags;
			productName = Flags;
			productReference = D416800B2A5D39360038BDD9 /* Flags.app */;
			productType = "com.apple.product-type.application";
		};
		D416801A2A5D39380038BDD9 /* FlagsTests */ = {
			isa = PBXNativeTarget;
			buildConfigurationList = D41680322A5D39380038BDD9 /* Build configuration list for PBXNativeTarget "FlagsTests" */;
			buildPhases = (
				D41680172A5D39380038BDD9 /* Sources */,
				D41680182A5D39380038BDD9 /* Frameworks */,
				D41680192A5D39380038BDD9 /* Resources */,
			);
			buildRules = (
			);
			dependencies = (
				D416801D2A5D39380038BDD9 /* PBXTargetDependency */,
			);
			name = FlagsTests;
			productName = FlagsTests;
			productReference = D416801B2A5D39380038BDD9 /* FlagsTests.xctest */;
			productType = "com.apple.product-type.bundle.unit-test";
		};
		D41680242A5D39380038BDD9 /* FlagsUITests */ = {
			isa = PBXNativeTarget;
			buildConfigurationList = D41680352A5D39380038BDD9 /* Build configuration list for PBXNativeTarget "FlagsUITests" */;
			buildPhases = (
				D41680212A5D39380038BDD9 /* Sources */,
				D41680222A5D39380038BDD9 /* Frameworks */,
				D41680232A5D39380038BDD9 /* Resources */,
			);
			buildRules = (
			);
			dependencies = (
				D41680272A5D39380038BDD9 /* PBXTargetDependency */,
			);
			name = FlagsUITests;
			productName = FlagsUITests;
			productReference = D41680252A5D39380038BDD9 /* FlagsUITests.xctest */;
			productType = "com.apple.product-type.bundle.ui-testing";
		};
/* End PBXNativeTarget section */

/* Begin PBXProject section */
		D41680032A5D39360038BDD9 /* Project object */ = {
			isa = PBXProject;
			attributes = {
				BuildIndependentTargetsInParallel = 1;
				LastSwiftUpdateCheck = 1430;
				LastUpgradeCheck = 1430;
				TargetAttributes = {
					D416800A2A5D39360038BDD9 = {
						CreatedOnToolsVersion = 14.3;
					};
					D416801A2A5D39380038BDD9 = {
						CreatedOnToolsVersion = 14.3;
						TestTargetID = D416800A2A5D39360038BDD9;
					};
					D41680242A5D39380038BDD9 = {
						CreatedOnToolsVersion = 14.3;
						TestTargetID = D416800A2A5D39360038BDD9;
					};
				};
			};
			buildConfigurationList = D41680062A5D39360038BDD9 /* Build configuration list for PBXProject "Flags" */;
			compatibilityVersion = "Xcode 14.0";
			developmentRegion = en;
			hasScannedForEncodings = 0;
			knownRegions = (
				en,
				Base,
			);
			mainGroup = D41680022A5D39360038BDD9;
			productRefGroup = D416800C2A5D39360038BDD9 /* Products */;
			projectDirPath = "";
			projectRoot = "";
			targets = (
				D416800A2A5D39360038BDD9 /* Flags */,
				D416801A2A5D39380038BDD9 /* FlagsTests */,
				D41680242A5D39380038BDD9 /* FlagsUITests */,
			);
		};
/* End PBXProject section */

/* Begin PBXResourcesBuildPhase section */
		D41680092A5D39360038BDD9 /* Resources */ = {
			isa = PBXResourcesBuildPhase;
			buildActionMask = 2147483647;
			files = (
				D41680162A5D39380038BDD9 /* Preview Assets.xcassets in Resources */,
				D41680132A5D39380038BDD9 /* Assets.xcassets in Resources */,
			);
			runOnlyForDeploymentPostprocessing = 0;
		};
		D41680192A5D39380038BDD9 /* Resources */ = {
			isa = PBXResourcesBuildPhase;
			buildActionMask = 2147483647;
			files = (
			);
			runOnlyForDeploymentPostprocessing = 0;
		};
		D41680232A5D39380038BDD9 /* Resources */ = {
			isa = PBXResourcesBuildPhase;
			buildActionMask = 2147483647;
			files = (
			);
			runOnlyForDeploymentPostprocessing = 0;
		};
/* End PBXResourcesBuildPhase section */

/* Begin PBXSourcesBuildPhase section */
		D41680072A5D39360038BDD9 /* Sources */ = {
			isa = PBXSourcesBuildPhase;
			buildActionMask = 2147483647;
			files = (
				D41680112A5D39360038BDD9 /* ContentView.swift in Sources */,
				D416800F2A5D39360038BDD9 /* FlagsApp.swift in Sources */,
				D416803B2A5D453F0038BDD9 /* CountryuDetailView.swift in Sources */,
				D41680392A5D3B850038BDD9 /* Nations.swift in Sources */,
			);
			runOnlyForDeploymentPostprocessing = 0;
		};
		D41680172A5D39380038BDD9 /* Sources */ = {
			isa = PBXSourcesBuildPhase;
			buildActionMask = 2147483647;
			files = (
				D41680202A5D39380038BDD9 /* FlagsTests.swift in Sources */,
			);
			runOnlyForDeploymentPostprocessing = 0;
		};
		D41680212A5D39380038BDD9 /* Sources */ = {
			isa = PBXSourcesBuildPhase;
			buildActionMask = 2147483647;
			files = (
				D416802C2A5D39380038BDD9 /* FlagsUITestsLaunchTests.swift in Sources */,
				D416802A2A5D39380038BDD9 /* FlagsUITests.swift in Sources */,
			);
			runOnlyForDeploymentPostprocessing = 0;
		};
/* End PBXSourcesBuildPhase section */

/* Begin PBXTargetDependency section */
		D416801D2A5D39380038BDD9 /* PBXTargetDependency */ = {
			isa = PBXTargetDependency;
			target = D416800A2A5D39360038BDD9 /* Flags */;
			targetProxy = D416801C2A5D39380038BDD9 /* PBXContainerItemProxy */;
		};
		D41680272A5D39380038BDD9 /* PBXTargetDependency */ = {
			isa = PBXTargetDependency;
			target = D416800A2A5D39360038BDD9 /* Flags */;
			targetProxy = D41680262A5D39380038BDD9 /* PBXContainerItemProxy */;
		};
/* End PBXTargetDependency section */

/* Begin XCBuildConfiguration section */
		D416802D2A5D39380038BDD9 /* Debug */ = {
			isa = XCBuildConfiguration;
			buildSettings = {
				ALWAYS_SEARCH_USER_PATHS = NO;
				CLANG_ANALYZER_NONNULL = YES;
				CLANG_ANALYZER_NUMBER_OBJECT_CONVERSION = YES_AGGRESSIVE;
				CLANG_CXX_LANGUAGE_STANDARD = "gnu++20";
				CLANG_ENABLE_MODULES = YES;
				CLANG_ENABLE_OBJC_ARC = YES;
				CLANG_ENABLE_OBJC_WEAK = YES;
				CLANG_WARN_BLOCK_CAPTURE_AUTORELEASING = YES;
				CLANG_WARN_BOOL_CONVERSION = YES;
				CLANG_WARN_COMMA = YES;
				CLANG_WARN_CONSTANT_CONVERSION = YES;
				CLANG_WARN_DEPRECATED_OBJC_IMPLEMENTATIONS = YES;
				CLANG_WARN_DIRECT_OBJC_ISA_USAGE = YES_ERROR;
				CLANG_WARN_DOCUMENTATION_COMMENTS = YES;
				CLANG_WARN_EMPTY_BODY = YES;
				CLANG_WARN_ENUM_CONVERSION = YES;
				CLANG_WARN_INFINITE_RECURSION = YES;
				CLANG_WARN_INT_CONVERSION = YES;
				CLANG_WARN_NON_LITERAL_NULL_CONVERSION = YES;
				CLANG_WARN_OBJC_IMPLICIT_RETAIN_SELF = YES;
				CLANG_WARN_OBJC_LITERAL_CONVERSION = YES;
				CLANG_WARN_OBJC_ROOT_CLASS = YES_ERROR;
				CLANG_WARN_QUOTED_INCLUDE_IN_FRAMEWORK_HEADER = YES;
				CLANG_WARN_RANGE_LOOP_ANALYSIS = YES;
				CLANG_WARN_STRICT_PROTOTYPES = YES;
				CLANG_WARN_SUSPICIOUS_MOVE = YES;
				CLANG_WARN_UNGUARDED_AVAILABILITY = YES_AGGRESSIVE;
				CLANG_WARN_UNREACHABLE_CODE = YES;
				CLANG_WARN__DUPLICATE_METHOD_MATCH = YES;
				COPY_PHASE_STRIP = NO;
				DEBUG_INFORMATION_FORMAT = dwarf;
				ENABLE_STRICT_OBJC_MSGSEND = YES;
				ENABLE_TESTABILITY = YES;
				GCC_C_LANGUAGE_STANDARD = gnu11;
				GCC_DYNAMIC_NO_PIC = NO;
				GCC_NO_COMMON_BLOCKS = YES;
				GCC_OPTIMIZATION_LEVEL = 0;
				GCC_PREPROCESSOR_DEFINITIONS = (
					"DEBUG=1",
					"$(inherited)",
				);
				GCC_WARN_64_TO_32_BIT_CONVERSION = YES;
				GCC_WARN_ABOUT_RETURN_TYPE = YES_ERROR;
				GCC_WARN_UNDECLARED_SELECTOR = YES;
				GCC_WARN_UNINITIALIZED_AUTOS = YES_AGGRESSIVE;
				GCC_WARN_UNUSED_FUNCTION = YES;
				GCC_WARN_UNUSED_VARIABLE = YES;
				IPHONEOS_DEPLOYMENT_TARGET = 16.4;
				MTL_ENABLE_DEBUG_INFO = INCLUDE_SOURCE;
				MTL_FAST_MATH = YES;
				ONLY_ACTIVE_ARCH = YES;
				SDKROOT = iphoneos;
				SWIFT_ACTIVE_COMPILATION_CONDITIONS = DEBUG;
				SWIFT_OPTIMIZATION_LEVEL = "-Onone";
			};
			name = Debug;
		};
		D416802E2A5D39380038BDD9 /* Release */ = {
			isa = XCBuildConfiguration;
			buildSettings = {
				ALWAYS_SEARCH_USER_PATHS = NO;
				CLANG_ANALYZER_NONNULL = YES;
				CLANG_ANALYZER_NUMBER_OBJECT_CONVERSION = YES_AGGRESSIVE;
				CLANG_CXX_LANGUAGE_STANDARD = "gnu++20";
				CLANG_ENABLE_MODULES = YES;
				CLANG_ENABLE_OBJC_ARC = YES;
				CLANG_ENABLE_OBJC_WEAK = YES;
				CLANG_WARN_BLOCK_CAPTURE_AUTORELEASING = YES;
				CLANG_WARN_BOOL_CONVERSION = YES;
				CLANG_WARN_COMMA = YES;
				CLANG_WARN_CONSTANT_CONVERSION = YES;
				CLANG_WARN_DEPRECATED_OBJC_IMPLEMENTATIONS = YES;
				CLANG_WARN_DIRECT_OBJC_ISA_USAGE = YES_ERROR;
				CLANG_WARN_DOCUMENTATION_COMMENTS = YES;
				CLANG_WARN_EMPTY_BODY = YES;
				CLANG_WARN_ENUM_CONVERSION = YES;
				CLANG_WARN_INFINITE_RECURSION = YES;
				CLANG_WARN_INT_CONVERSION = YES;
				CLANG_WARN_NON_LITERAL_NULL_CONVERSION = YES;
				CLANG_WARN_OBJC_IMPLICIT_RETAIN_SELF = YES;
				CLANG_WARN_OBJC_LITERAL_CONVERSION = YES;
				CLANG_WARN_OBJC_ROOT_CLASS = YES_ERROR;
				CLANG_WARN_QUOTED_INCLUDE_IN_FRAMEWORK_HEADER = YES;
				CLANG_WARN_RANGE_LOOP_ANALYSIS = YES;
				CLANG_WARN_STRICT_PROTOTYPES = YES;
				CLANG_WARN_SUSPICIOUS_MOVE = YES;
				CLANG_WARN_UNGUARDED_AVAILABILITY = YES_AGGRESSIVE;
				CLANG_WARN_UNREACHABLE_CODE = YES;
				CLANG_WARN__DUPLICATE_METHOD_MATCH = YES;
				COPY_PHASE_STRIP = NO;
				DEBUG_INFORMATION_FORMAT = "dwarf-with-dsym";
				ENABLE_NS_ASSERTIONS = NO;
				ENABLE_STRICT_OBJC_MSGSEND = YES;
				GCC_C_LANGUAGE_STANDARD = gnu11;
				GCC_NO_COMMON_BLOCKS = YES;
				GCC_WARN_64_TO_32_BIT_CONVERSION = YES;
				GCC_WARN_ABOUT_RETURN_TYPE = YES_ERROR;
				GCC_WARN_UNDECLARED_SELECTOR = YES;
				GCC_WARN_UNINITIALIZED_AUTOS = YES_AGGRESSIVE;
				GCC_WARN_UNUSED_FUNCTION = YES;
				GCC_WARN_UNUSED_VARIABLE = YES;
				IPHONEOS_DEPLOYMENT_TARGET = 16.4;
				MTL_ENABLE_DEBUG_INFO = NO;
				MTL_FAST_MATH = YES;
				SDKROOT = iphoneos;
				SWIFT_COMPILATION_MODE = wholemodule;
				SWIFT_OPTIMIZATION_LEVEL = "-O";
				VALIDATE_PRODUCT = YES;
			};
			name = Release;
		};
		D41680302A5D39380038BDD9 /* Debug */ = {
			isa = XCBuildConfiguration;
			buildSettings = {
				ASSETCATALOG_COMPILER_APPICON_NAME = AppIcon;
				ASSETCATALOG_COMPILER_GLOBAL_ACCENT_COLOR_NAME = AccentColor;
				CODE_SIGN_STYLE = Automatic;
				CURRENT_PROJECT_VERSION = 1;
				DEVELOPMENT_ASSET_PATHS = "\"Flags/Preview Content\"";
				DEVELOPMENT_TEAM = 54B2LPSKPV;
				ENABLE_PREVIEWS = YES;
				GENERATE_INFOPLIST_FILE = YES;
				INFOPLIST_KEY_UIApplicationSceneManifest_Generation = YES;
				INFOPLIST_KEY_UIApplicationSupportsIndirectInputEvents = YES;
				INFOPLIST_KEY_UILaunchScreen_Generation = YES;
				INFOPLIST_KEY_UISupportedInterfaceOrientations_iPad = "UIInterfaceOrientationPortrait UIInterfaceOrientationPortraitUpsideDown UIInterfaceOrientationLandscapeLeft UIInterfaceOrientationLandscapeRight";
				INFOPLIST_KEY_UISupportedInterfaceOrientations_iPhone = "UIInterfaceOrientationPortrait UIInterfaceOrientationLandscapeLeft UIInterfaceOrientationLandscapeRight";
				LD_RUNPATH_SEARCH_PATHS = (
					"$(inherited)",
					"@executable_path/Frameworks",
				);
				MARKETING_VERSION = 1.0;
				PRODUCT_BUNDLE_IDENTIFIER = kr.ac.tukorea.Parkseungho.Flags;
				PRODUCT_NAME = "$(TARGET_NAME)";
				SWIFT_EMIT_LOC_STRINGS = YES;
				SWIFT_VERSION = 5.0;
				TARGETED_DEVICE_FAMILY = "1,2";
			};
			name = Debug;
		};
		D41680312A5D39380038BDD9 /* Release */ = {
			isa = XCBuildConfiguration;
			buildSettings = {
				ASSETCATALOG_COMPILER_APPICON_NAME = AppIcon;
				ASSETCATALOG_COMPILER_GLOBAL_ACCENT_COLOR_NAME = AccentColor;
				CODE_SIGN_STYLE = Automatic;
				CURRENT_PROJECT_VERSION = 1;
				DEVELOPMENT_ASSET_PATHS = "\"Flags/Preview Content\"";
				DEVELOPMENT_TEAM = 54B2LPSKPV;
				ENABLE_PREVIEWS = YES;
				GENERATE_INFOPLIST_FILE = YES;
				INFOPLIST_KEY_UIApplicationSceneManifest_Generation = YES;
				INFOPLIST_KEY_UIApplicationSupportsIndirectInputEvents = YES;
				INFOPLIST_KEY_UILaunchScreen_Generation = YES;
				INFOPLIST_KEY_UISupportedInterfaceOrientations_iPad = "UIInterfaceOrientationPortrait UIInterfaceOrientationPortraitUpsideDown UIInterfaceOrientationLandscapeLeft UIInterfaceOrientationLandscapeRight";
				INFOPLIST_KEY_UISupportedInterfaceOrientations_iPhone = "UIInterfaceOrientationPortrait UIInterfaceOrientationLandscapeLeft UIInterfaceOrientationLandscapeRight";
				LD_RUNPATH_SEARCH_PATHS = (
					"$(inherited)",
					"@executable_path/Frameworks",
				);
				MARKETING_VERSION = 1.0;
				PRODUCT_BUNDLE_IDENTIFIER = kr.ac.tukorea.Parkseungho.Flags;
				PRODUCT_NAME = "$(TARGET_NAME)";
				SWIFT_EMIT_LOC_STRINGS = YES;
				SWIFT_VERSION = 5.0;
				TARGETED_DEVICE_FAMILY = "1,2";
			};
			name = Release;
		};
		D41680332A5D39380038BDD9 /* Debug */ = {
			isa = XCBuildConfiguration;
			buildSettings = {
				ALWAYS_EMBED_SWIFT_STANDARD_LIBRARIES = YES;
				BUNDLE_LOADER = "$(TEST_HOST)";
				CODE_SIGN_STYLE = Automatic;
				CURRENT_PROJECT_VERSION = 1;
				DEVELOPMENT_TEAM = 54B2LPSKPV;
				GENERATE_INFOPLIST_FILE = YES;
				IPHONEOS_DEPLOYMENT_TARGET = 16.4;
				MARKETING_VERSION = 1.0;
				PRODUCT_BUNDLE_IDENTIFIER = kr.ac.tukorea.Parkseungho.FlagsTests;
				PRODUCT_NAME = "$(TARGET_NAME)";
				SWIFT_EMIT_LOC_STRINGS = NO;
				SWIFT_VERSION = 5.0;
				TARGETED_DEVICE_FAMILY = "1,2";
				TEST_HOST = "$(BUILT_PRODUCTS_DIR)/Flags.app/$(BUNDLE_EXECUTABLE_FOLDER_PATH)/Flags";
			};
			name = Debug;
		};
		D41680342A5D39380038BDD9 /* Release */ = {
			isa = XCBuildConfiguration;
			buildSettings = {
				ALWAYS_EMBED_SWIFT_STANDARD_LIBRARIES = YES;
				BUNDLE_LOADER = "$(TEST_HOST)";
				CODE_SIGN_STYLE = Automatic;
				CURRENT_PROJECT_VERSION = 1;
				DEVELOPMENT_TEAM = 54B2LPSKPV;
				GENERATE_INFOPLIST_FILE = YES;
				IPHONEOS_DEPLOYMENT_TARGET = 16.4;
				MARKETING_VERSION = 1.0;
				PRODUCT_BUNDLE_IDENTIFIER = kr.ac.tukorea.Parkseungho.FlagsTests;
				PRODUCT_NAME = "$(TARGET_NAME)";
				SWIFT_EMIT_LOC_STRINGS = NO;
				SWIFT_VERSION = 5.0;
				TARGETED_DEVICE_FAMILY = "1,2";
				TEST_HOST = "$(BUILT_PRODUCTS_DIR)/Flags.app/$(BUNDLE_EXECUTABLE_FOLDER_PATH)/Flags";
			};
			name = Release;
		};
		D41680362A5D39380038BDD9 /* Debug */ = {
			isa = XCBuildConfiguration;
			buildSettings = {
				ALWAYS_EMBED_SWIFT_STANDARD_LIBRARIES = YES;
				CODE_SIGN_STYLE = Automatic;
				CURRENT_PROJECT_VERSION = 1;
				DEVELOPMENT_TEAM = 54B2LPSKPV;
				GENERATE_INFOPLIST_FILE = YES;
				MARKETING_VERSION = 1.0;
				PRODUCT_BUNDLE_IDENTIFIER = kr.ac.tukorea.Parkseungho.FlagsUITests;
				PRODUCT_NAME = "$(TARGET_NAME)";
				SWIFT_EMIT_LOC_STRINGS = NO;
				SWIFT_VERSION = 5.0;
				TARGETED_DEVICE_FAMILY = "1,2";
				TEST_TARGET_NAME = Flags;
			};
			name = Debug;
		};
		D41680372A5D39380038BDD9 /* Release */ = {
			isa = XCBuildConfiguration;
			buildSettings = {
				ALWAYS_EMBED_SWIFT_STANDARD_LIBRARIES = YES;
				CODE_SIGN_STYLE = Automatic;
				CURRENT_PROJECT_VERSION = 1;
				DEVELOPMENT_TEAM = 54B2LPSKPV;
				GENERATE_INFOPLIST_FILE = YES;
				MARKETING_VERSION = 1.0;
				PRODUCT_BUNDLE_IDENTIFIER = kr.ac.tukorea.Parkseungho.FlagsUITests;
				PRODUCT_NAME = "$(TARGET_NAME)";
				SWIFT_EMIT_LOC_STRINGS = NO;
				SWIFT_VERSION = 5.0;
				TARGETED_DEVICE_FAMILY = "1,2";
				TEST_TARGET_NAME = Flags;
			};
			name = Release;
		};
/* End XCBuildConfiguration section */

/* Begin XCConfigurationList section */
		D41680062A5D39360038BDD9 /* Build configuration list for PBXProject "Flags" */ = {
			isa = XCConfigurationList;
			buildConfigurations = (
				D416802D2A5D39380038BDD9 /* Debug */,
				D416802E2A5D39380038BDD9 /* Release */,
			);
			defaultConfigurationIsVisible = 0;
			defaultConfigurationName = Release;
		};
		D416802F2A5D39380038BDD9 /* Build configuration list for PBXNativeTarget "Flags" */ = {
			isa = XCConfigurationList;
			buildConfigurations = (
				D41680302A5D39380038BDD9 /* Debug */,
				D41680312A5D39380038BDD9 /* Release */,
			);
			defaultConfigurationIsVisible = 0;
			defaultConfigurationName = Release;
		};
		D41680322A5D39380038BDD9 /* Build configuration list for PBXNativeTarget "FlagsTests" */ = {
			isa = XCConfigurationList;
			buildConfigurations = (
				D41680332A5D39380038BDD9 /* Debug */,
				D41680342A5D39380038BDD9 /* Release */,
			);
			defaultConfigurationIsVisible = 0;
			defaultConfigurationName = Release;
		};
		D41680352A5D39380038BDD9 /* Build configuration list for PBXNativeTarget "FlagsUITests" */ = {
			isa = XCConfigurationList;
			buildConfigurations = (
				D41680362A5D39380038BDD9 /* Debug */,
				D41680372A5D39380038BDD9 /* Release */,
			);
			defaultConfigurationIsVisible = 0;
			defaultConfigurationName = Release;
		};
/* End XCConfigurationList section */
	};
	rootObject = D41680032A5D39360038BDD9 /* Project object */;
}
