// !$*UTF8*$!
{
	archiveVersion = 1;
	classes = {
	};
	objectVersion = 56;
	objects = {

/* Begin PBXBuildFile section */
		D41680492A5E4CFD0038BDD9 /* GestureSampleApp.swift in Sources */ = {isa = PBXBuildFile; fileRef = D41680482A5E4CFD0038BDD9 /* GestureSampleApp.swift */; };
		D416804B2A5E4CFD0038BDD9 /* MainView.swift in Sources */ = {isa = PBXBuildFile; fileRef = D416804A2A5E4CFD0038BDD9 /* MainView.swift */; };
		D416804D2A5E4CFE0038BDD9 /* Assets.xcassets in Resources */ = {isa = PBXBuildFile; fileRef = D416804C2A5E4CFE0038BDD9 /* Assets.xcassets */; };
		D41680502A5E4CFE0038BDD9 /* Preview Assets.xcassets in Resources */ = {isa = PBXBuildFile; fileRef = D416804F2A5E4CFE0038BDD9 /* Preview Assets.xcassets */; };
		D416805A2A5E4CFE0038BDD9 /* GestureSampleTests.swift in Sources */ = {isa = PBXBuildFile; fileRef = D41680592A5E4CFE0038BDD9 /* GestureSampleTests.swift */; };
		D41680642A5E4CFE0038BDD9 /* GestureSampleUITests.swift in Sources */ = {isa = PBXBuildFile; fileRef = D41680632A5E4CFE0038BDD9 /* GestureSampleUITests.swift */; };
		D41680662A5E4CFE0038BDD9 /* GestureSampleUITestsLaunchTests.swift in Sources */ = {isa = PBXBuildFile; fileRef = D41680652A5E4CFE0038BDD9 /* GestureSampleUITestsLaunchTests.swift */; };
		D41680732A5E4F070038BDD9 /* TapGestureView.swift in Sources */ = {isa = PBXBuildFile; fileRef = D41680722A5E4F070038BDD9 /* TapGestureView.swift */; };
		D41680752A5E6D960038BDD9 /* DragGestureView.swift in Sources */ = {isa = PBXBuildFile; fileRef = D41680742A5E6D960038BDD9 /* DragGestureView.swift */; };
		D41680772A5E754F0038BDD9 /* RotationGestureView.swift in Sources */ = {isa = PBXBuildFile; fileRef = D41680762A5E754F0038BDD9 /* RotationGestureView.swift */; };
		D41680792A5E7FDC0038BDD9 /* ShapeView.swift in Sources */ = {isa = PBXBuildFile; fileRef = D41680782A5E7FDC0038BDD9 /* ShapeView.swift */; };
/* End PBXBuildFile section */

/* Begin PBXContainerItemProxy section */
		D41680562A5E4CFE0038BDD9 /* PBXContainerItemProxy */ = {
			isa = PBXContainerItemProxy;
			containerPortal = D416803D2A5E4CFD0038BDD9 /* Project object */;
			proxyType = 1;
			remoteGlobalIDString = D41680442A5E4CFD0038BDD9;
			remoteInfo = GestureSample;
		};
		D41680602A5E4CFE0038BDD9 /* PBXContainerItemProxy */ = {
			isa = PBXContainerItemProxy;
			containerPortal = D416803D2A5E4CFD0038BDD9 /* Project object */;
			proxyType = 1;
			remoteGlobalIDString = D41680442A5E4CFD0038BDD9;
			remoteInfo = GestureSample;
		};
/* End PBXContainerItemProxy section */

/* Begin PBXFileReference section */
		D41680452A5E4CFD0038BDD9 /* GestureSample.app */ = {isa = PBXFileReference; explicitFileType = wrapper.application; includeInIndex = 0; path = GestureSample.app; sourceTree = BUILT_PRODUCTS_DIR; };
		D41680482A5E4CFD0038BDD9 /* GestureSampleApp.swift */ = {isa = PBXFileReference; lastKnownFileType = sourcecode.swift; path = GestureSampleApp.swift; sourceTree = "<group>"; };
		D416804A2A5E4CFD0038BDD9 /* MainView.swift */ = {isa = PBXFileReference; lastKnownFileType = sourcecode.swift; path = MainView.swift; sourceTree = "<group>"; };
		D416804C2A5E4CFE0038BDD9 /* Assets.xcassets */ = {isa = PBXFileReference; lastKnownFileType = folder.assetcatalog; path = Assets.xcassets; sourceTree = "<group>"; };
		D416804F2A5E4CFE0038BDD9 /* Preview Assets.xcassets */ = {isa = PBXFileReference; lastKnownFileType = folder.assetcatalog; path = "Preview Assets.xcassets"; sourceTree = "<group>"; };
		D41680552A5E4CFE0038BDD9 /* GestureSampleTests.xctest */ = {isa = PBXFileReference; explicitFileType = wrapper.cfbundle; includeInIndex = 0; path = GestureSampleTests.xctest; sourceTree = BUILT_PRODUCTS_DIR; };
		D41680592A5E4CFE0038BDD9 /* GestureSampleTests.swift */ = {isa = PBXFileReference; lastKnownFileType = sourcecode.swift; path = GestureSampleTests.swift; sourceTree = "<group>"; };
		D416805F2A5E4CFE0038BDD9 /* GestureSampleUITests.xctest */ = {isa = PBXFileReference; explicitFileType = wrapper.cfbundle; includeInIndex = 0; path = GestureSampleUITests.xctest; sourceTree = BUILT_PRODUCTS_DIR; };
		D41680632A5E4CFE0038BDD9 /* GestureSampleUITests.swift */ = {isa = PBXFileReference; lastKnownFileType = sourcecode.swift; path = GestureSampleUITests.swift; sourceTree = "<group>"; };
		D41680652A5E4CFE0038BDD9 /* GestureSampleUITestsLaunchTests.swift */ = {isa = PBXFileReference; lastKnownFileType = sourcecode.swift; path = GestureSampleUITestsLaunchTests.swift; sourceTree = "<group>"; };
		D41680722A5E4F070038BDD9 /* TapGestureView.swift */ = {isa = PBXFileReference; lastKnownFileType = sourcecode.swift; path = TapGestureView.swift; sourceTree = "<group>"; };
		D41680742A5E6D960038BDD9 /* DragGestureView.swift */ = {isa = PBXFileReference; lastKnownFileType = sourcecode.swift; path = DragGestureView.swift; sourceTree = "<group>"; };
		D41680762A5E754F0038BDD9 /* RotationGestureView.swift */ = {isa = PBXFileReference; lastKnownFileType = sourcecode.swift; path = RotationGestureView.swift; sourceTree = "<group>"; };
		D41680782A5E7FDC0038BDD9 /* ShapeView.swift */ = {isa = PBXFileReference; lastKnownFileType = sourcecode.swift; path = ShapeView.swift; sourceTree = "<group>"; };
/* End PBXFileReference section */

/* Begin PBXFrameworksBuildPhase section */
		D41680422A5E4CFD0038BDD9 /* Frameworks */ = {
			isa = PBXFrameworksBuildPhase;
			buildActionMask = 2147483647;
			files = (
			);
			runOnlyForDeploymentPostprocessing = 0;
		};
		D41680522A5E4CFE0038BDD9 /* Frameworks */ = {
			isa = PBXFrameworksBuildPhase;
			buildActionMask = 2147483647;
			files = (
			);
			runOnlyForDeploymentPostprocessing = 0;
		};
		D416805C2A5E4CFE0038BDD9 /* Frameworks */ = {
			isa = PBXFrameworksBuildPhase;
			buildActionMask = 2147483647;
			files = (
			);
			runOnlyForDeploymentPostprocessing = 0;
		};
/* End PBXFrameworksBuildPhase section */

/* Begin PBXGroup section */
		D416803C2A5E4CFD0038BDD9 = {
			isa = PBXGroup;
			children = (
				D41680472A5E4CFD0038BDD9 /* GestureSample */,
				D41680582A5E4CFE0038BDD9 /* GestureSampleTests */,
				D41680622A5E4CFE0038BDD9 /* GestureSampleUITests */,
				D41680462A5E4CFD0038BDD9 /* Products */,
			);
			sourceTree = "<group>";
		};
		D41680462A5E4CFD0038BDD9 /* Products */ = {
			isa = PBXGroup;
			children = (
				D41680452A5E4CFD0038BDD9 /* GestureSample.app */,
				D41680552A5E4CFE0038BDD9 /* GestureSampleTests.xctest */,
				D416805F2A5E4CFE0038BDD9 /* GestureSampleUITests.xctest */,
			);
			name = Products;
			sourceTree = "<group>";
		};
		D41680472A5E4CFD0038BDD9 /* GestureSample */ = {
			isa = PBXGroup;
			children = (
				D41680482A5E4CFD0038BDD9 /* GestureSampleApp.swift */,
				D416804A2A5E4CFD0038BDD9 /* MainView.swift */,
				D416804C2A5E4CFE0038BDD9 /* Assets.xcassets */,
				D416804E2A5E4CFE0038BDD9 /* Preview Content */,
				D41680722A5E4F070038BDD9 /* TapGestureView.swift */,
				D41680742A5E6D960038BDD9 /* DragGestureView.swift */,
				D41680762A5E754F0038BDD9 /* RotationGestureView.swift */,
				D41680782A5E7FDC0038BDD9 /* ShapeView.swift */,
			);
			path = GestureSample;
			sourceTree = "<group>";
		};
		D416804E2A5E4CFE0038BDD9 /* Preview Content */ = {
			isa = PBXGroup;
			children = (
				D416804F2A5E4CFE0038BDD9 /* Preview Assets.xcassets */,
			);
			path = "Preview Content";
			sourceTree = "<group>";
		};
		D41680582A5E4CFE0038BDD9 /* GestureSampleTests */ = {
			isa = PBXGroup;
			children = (
				D41680592A5E4CFE0038BDD9 /* GestureSampleTests.swift */,
			);
			path = GestureSampleTests;
			sourceTree = "<group>";
		};
		D41680622A5E4CFE0038BDD9 /* GestureSampleUITests */ = {
			isa = PBXGroup;
			children = (
				D41680632A5E4CFE0038BDD9 /* GestureSampleUITests.swift */,
				D41680652A5E4CFE0038BDD9 /* GestureSampleUITestsLaunchTests.swift */,
			);
			path = GestureSampleUITests;
			sourceTree = "<group>";
		};
/* End PBXGroup section */

/* Begin PBXNativeTarget section */
		D41680442A5E4CFD0038BDD9 /* GestureSample */ = {
			isa = PBXNativeTarget;
			buildConfigurationList = D41680692A5E4CFE0038BDD9 /* Build configuration list for PBXNativeTarget "GestureSample" */;
			buildPhases = (
				D41680412A5E4CFD0038BDD9 /* Sources */,
				D41680422A5E4CFD0038BDD9 /* Frameworks */,
				D41680432A5E4CFD0038BDD9 /* Resources */,
			);
			buildRules = (
			);
			dependencies = (
			);
			name = GestureSample;
			productName = GestureSample;
			productReference = D41680452A5E4CFD0038BDD9 /* GestureSample.app */;
			productType = "com.apple.product-type.application";
		};
		D41680542A5E4CFE0038BDD9 /* GestureSampleTests */ = {
			isa = PBXNativeTarget;
			buildConfigurationList = D416806C2A5E4CFE0038BDD9 /* Build configuration list for PBXNativeTarget "GestureSampleTests" */;
			buildPhases = (
				D41680512A5E4CFE0038BDD9 /* Sources */,
				D41680522A5E4CFE0038BDD9 /* Frameworks */,
				D41680532A5E4CFE0038BDD9 /* Resources */,
			);
			buildRules = (
			);
			dependencies = (
				D41680572A5E4CFE0038BDD9 /* PBXTargetDependency */,
			);
			name = GestureSampleTests;
			productName = GestureSampleTests;
			productReference = D41680552A5E4CFE0038BDD9 /* GestureSampleTests.xctest */;
			productType = "com.apple.product-type.bundle.unit-test";
		};
		D416805E2A5E4CFE0038BDD9 /* GestureSampleUITests */ = {
			isa = PBXNativeTarget;
			buildConfigurationList = D416806F2A5E4CFE0038BDD9 /* Build configuration list for PBXNativeTarget "GestureSampleUITests" */;
			buildPhases = (
				D416805B2A5E4CFE0038BDD9 /* Sources */,
				D416805C2A5E4CFE0038BDD9 /* Frameworks */,
				D416805D2A5E4CFE0038BDD9 /* Resources */,
			);
			buildRules = (
			);
			dependencies = (
				D41680612A5E4CFE0038BDD9 /* PBXTargetDependency */,
			);
			name = GestureSampleUITests;
			productName = GestureSampleUITests;
			productReference = D416805F2A5E4CFE0038BDD9 /* GestureSampleUITests.xctest */;
			productType = "com.apple.product-type.bundle.ui-testing";
		};
/* End PBXNativeTarget section */

/* Begin PBXProject section */
		D416803D2A5E4CFD0038BDD9 /* Project object */ = {
			isa = PBXProject;
			attributes = {
				BuildIndependentTargetsInParallel = 1;
				LastSwiftUpdateCheck = 1430;
				LastUpgradeCheck = 1430;
				TargetAttributes = {
					D41680442A5E4CFD0038BDD9 = {
						CreatedOnToolsVersion = 14.3;
					};
					D41680542A5E4CFE0038BDD9 = {
						CreatedOnToolsVersion = 14.3;
						TestTargetID = D41680442A5E4CFD0038BDD9;
					};
					D416805E2A5E4CFE0038BDD9 = {
						CreatedOnToolsVersion = 14.3;
						TestTargetID = D41680442A5E4CFD0038BDD9;
					};
				};
			};
			buildConfigurationList = D41680402A5E4CFD0038BDD9 /* Build configuration list for PBXProject "GestureSample" */;
			compatibilityVersion = "Xcode 14.0";
			developmentRegion = en;
			hasScannedForEncodings = 0;
			knownRegions = (
				en,
				Base,
			);
			mainGroup = D416803C2A5E4CFD0038BDD9;
			productRefGroup = D41680462A5E4CFD0038BDD9 /* Products */;
			projectDirPath = "";
			projectRoot = "";
			targets = (
				D41680442A5E4CFD0038BDD9 /* GestureSample */,
				D41680542A5E4CFE0038BDD9 /* GestureSampleTests */,
				D416805E2A5E4CFE0038BDD9 /* GestureSampleUITests */,
			);
		};
/* End PBXProject section */

/* Begin PBXResourcesBuildPhase section */
		D41680432A5E4CFD0038BDD9 /* Resources */ = {
			isa = PBXResourcesBuildPhase;
			buildActionMask = 2147483647;
			files = (
				D41680502A5E4CFE0038BDD9 /* Preview Assets.xcassets in Resources */,
				D416804D2A5E4CFE0038BDD9 /* Assets.xcassets in Resources */,
			);
			runOnlyForDeploymentPostprocessing = 0;
		};
		D41680532A5E4CFE0038BDD9 /* Resources */ = {
			isa = PBXResourcesBuildPhase;
			buildActionMask = 2147483647;
			files = (
			);
			runOnlyForDeploymentPostprocessing = 0;
		};
		D416805D2A5E4CFE0038BDD9 /* Resources */ = {
			isa = PBXResourcesBuildPhase;
			buildActionMask = 2147483647;
			files = (
			);
			runOnlyForDeploymentPostprocessing = 0;
		};
/* End PBXResourcesBuildPhase section */

/* Begin PBXSourcesBuildPhase section */
		D41680412A5E4CFD0038BDD9 /* Sources */ = {
			isa = PBXSourcesBuildPhase;
			buildActionMask = 2147483647;
			files = (
				D41680792A5E7FDC0038BDD9 /* ShapeView.swift in Sources */,
				D41680752A5E6D960038BDD9 /* DragGestureView.swift in Sources */,
				D41680772A5E754F0038BDD9 /* RotationGestureView.swift in Sources */,
				D416804B2A5E4CFD0038BDD9 /* MainView.swift in Sources */,
				D41680732A5E4F070038BDD9 /* TapGestureView.swift in Sources */,
				D41680492A5E4CFD0038BDD9 /* GestureSampleApp.swift in Sources */,
			);
			runOnlyForDeploymentPostprocessing = 0;
		};
		D41680512A5E4CFE0038BDD9 /* Sources */ = {
			isa = PBXSourcesBuildPhase;
			buildActionMask = 2147483647;
			files = (
				D416805A2A5E4CFE0038BDD9 /* GestureSampleTests.swift in Sources */,
			);
			runOnlyForDeploymentPostprocessing = 0;
		};
		D416805B2A5E4CFE0038BDD9 /* Sources */ = {
			isa = PBXSourcesBuildPhase;
			buildActionMask = 2147483647;
			files = (
				D41680662A5E4CFE0038BDD9 /* GestureSampleUITestsLaunchTests.swift in Sources */,
				D41680642A5E4CFE0038BDD9 /* GestureSampleUITests.swift in Sources */,
			);
			runOnlyForDeploymentPostprocessing = 0;
		};
/* End PBXSourcesBuildPhase section */

/* Begin PBXTargetDependency section */
		D41680572A5E4CFE0038BDD9 /* PBXTargetDependency */ = {
			isa = PBXTargetDependency;
			target = D41680442A5E4CFD0038BDD9 /* GestureSample */;
			targetProxy = D41680562A5E4CFE0038BDD9 /* PBXContainerItemProxy */;
		};
		D41680612A5E4CFE0038BDD9 /* PBXTargetDependency */ = {
			isa = PBXTargetDependency;
			target = D41680442A5E4CFD0038BDD9 /* GestureSample */;
			targetProxy = D41680602A5E4CFE0038BDD9 /* PBXContainerItemProxy */;
		};
/* End PBXTargetDependency section */

/* Begin XCBuildConfiguration section */
		D41680672A5E4CFE0038BDD9 /* Debug */ = {
			isa = XCBuildConfiguration;
			buildSettings = {
				ALWAYS_SEARCH_USER_PATHS = NO;
				CLANG_ANALYZER_NONNULL = YES;
				CLANG_ANALYZER_NUMBER_OBJECT_CONVERSION = YES_AGGRESSIVE;
				CLANG_CXX_LANGUAGE_STANDARD = "gnu++20";
				CLANG_ENABLE_MODULES = YES;
				CLANG_ENABLE_OBJC_ARC = YES;
				CLANG_ENABLE_OBJC_WEAK = YES;
				CLANG_WARN_BLOCK_CAPTURE_AUTORELEASING = YES;
				CLANG_WARN_BOOL_CONVERSION = YES;
				CLANG_WARN_COMMA = YES;
				CLANG_WARN_CONSTANT_CONVERSION = YES;
				CLANG_WARN_DEPRECATED_OBJC_IMPLEMENTATIONS = YES;
				CLANG_WARN_DIRECT_OBJC_ISA_USAGE = YES_ERROR;
				CLANG_WARN_DOCUMENTATION_COMMENTS = YES;
				CLANG_WARN_EMPTY_BODY = YES;
				CLANG_WARN_ENUM_CONVERSION = YES;
				CLANG_WARN_INFINITE_RECURSION = YES;
				CLANG_WARN_INT_CONVERSION = YES;
				CLANG_WARN_NON_LITERAL_NULL_CONVERSION = YES;
				CLANG_WARN_OBJC_IMPLICIT_RETAIN_SELF = YES;
				CLANG_WARN_OBJC_LITERAL_CONVERSION = YES;
				CLANG_WARN_OBJC_ROOT_CLASS = YES_ERROR;
				CLANG_WARN_QUOTED_INCLUDE_IN_FRAMEWORK_HEADER = YES;
				CLANG_WARN_RANGE_LOOP_ANALYSIS = YES;
				CLANG_WARN_STRICT_PROTOTYPES = YES;
				CLANG_WARN_SUSPICIOUS_MOVE = YES;
				CLANG_WARN_UNGUARDED_AVAILABILITY = YES_AGGRESSIVE;
				CLANG_WARN_UNREACHABLE_CODE = YES;
				CLANG_WARN__DUPLICATE_METHOD_MATCH = YES;
				COPY_PHASE_STRIP = NO;
				DEBUG_INFORMATION_FORMAT = dwarf;
				ENABLE_STRICT_OBJC_MSGSEND = YES;
				ENABLE_TESTABILITY = YES;
				GCC_C_LANGUAGE_STANDARD = gnu11;
				GCC_DYNAMIC_NO_PIC = NO;
				GCC_NO_COMMON_BLOCKS = YES;
				GCC_OPTIMIZATION_LEVEL = 0;
				GCC_PREPROCESSOR_DEFINITIONS = (
					"DEBUG=1",
					"$(inherited)",
				);
				GCC_WARN_64_TO_32_BIT_CONVERSION = YES;
				GCC_WARN_ABOUT_RETURN_TYPE = YES_ERROR;
				GCC_WARN_UNDECLARED_SELECTOR = YES;
				GCC_WARN_UNINITIALIZED_AUTOS = YES_AGGRESSIVE;
				GCC_WARN_UNUSED_FUNCTION = YES;
				GCC_WARN_UNUSED_VARIABLE = YES;
				IPHONEOS_DEPLOYMENT_TARGET = 16.4;
				MTL_ENABLE_DEBUG_INFO = INCLUDE_SOURCE;
				MTL_FAST_MATH = YES;
				ONLY_ACTIVE_ARCH = YES;
				SDKROOT = iphoneos;
				SWIFT_ACTIVE_COMPILATION_CONDITIONS = DEBUG;
				SWIFT_OPTIMIZATION_LEVEL = "-Onone";
			};
			name = Debug;
		};
		D41680682A5E4CFE0038BDD9 /* Release */ = {
			isa = XCBuildConfiguration;
			buildSettings = {
				ALWAYS_SEARCH_USER_PATHS = NO;
				CLANG_ANALYZER_NONNULL = YES;
				CLANG_ANALYZER_NUMBER_OBJECT_CONVERSION = YES_AGGRESSIVE;
				CLANG_CXX_LANGUAGE_STANDARD = "gnu++20";
				CLANG_ENABLE_MODULES = YES;
				CLANG_ENABLE_OBJC_ARC = YES;
				CLANG_ENABLE_OBJC_WEAK = YES;
				CLANG_WARN_BLOCK_CAPTURE_AUTORELEASING = YES;
				CLANG_WARN_BOOL_CONVERSION = YES;
				CLANG_WARN_COMMA = YES;
				CLANG_WARN_CONSTANT_CONVERSION = YES;
				CLANG_WARN_DEPRECATED_OBJC_IMPLEMENTATIONS = YES;
				CLANG_WARN_DIRECT_OBJC_ISA_USAGE = YES_ERROR;
				CLANG_WARN_DOCUMENTATION_COMMENTS = YES;
				CLANG_WARN_EMPTY_BODY = YES;
				CLANG_WARN_ENUM_CONVERSION = YES;
				CLANG_WARN_INFINITE_RECURSION = YES;
				CLANG_WARN_INT_CONVERSION = YES;
				CLANG_WARN_NON_LITERAL_NULL_CONVERSION = YES;
				CLANG_WARN_OBJC_IMPLICIT_RETAIN_SELF = YES;
				CLANG_WARN_OBJC_LITERAL_CONVERSION = YES;
				CLANG_WARN_OBJC_ROOT_CLASS = YES_ERROR;
				CLANG_WARN_QUOTED_INCLUDE_IN_FRAMEWORK_HEADER = YES;
				CLANG_WARN_RANGE_LOOP_ANALYSIS = YES;
				CLANG_WARN_STRICT_PROTOTYPES = YES;
				CLANG_WARN_SUSPICIOUS_MOVE = YES;
				CLANG_WARN_UNGUARDED_AVAILABILITY = YES_AGGRESSIVE;
				CLANG_WARN_UNREACHABLE_CODE = YES;
				CLANG_WARN__DUPLICATE_METHOD_MATCH = YES;
				COPY_PHASE_STRIP = NO;
				DEBUG_INFORMATION_FORMAT = "dwarf-with-dsym";
				ENABLE_NS_ASSERTIONS = NO;
				ENABLE_STRICT_OBJC_MSGSEND = YES;
				GCC_C_LANGUAGE_STANDARD = gnu11;
				GCC_NO_COMMON_BLOCKS = YES;
				GCC_WARN_64_TO_32_BIT_CONVERSION = YES;
				GCC_WARN_ABOUT_RETURN_TYPE = YES_ERROR;
				GCC_WARN_UNDECLARED_SELECTOR = YES;
				GCC_WARN_UNINITIALIZED_AUTOS = YES_AGGRESSIVE;
				GCC_WARN_UNUSED_FUNCTION = YES;
				GCC_WARN_UNUSED_VARIABLE = YES;
				IPHONEOS_DEPLOYMENT_TARGET = 16.4;
				MTL_ENABLE_DEBUG_INFO = NO;
				MTL_FAST_MATH = YES;
				SDKROOT = iphoneos;
				SWIFT_COMPILATION_MODE = wholemodule;
				SWIFT_OPTIMIZATION_LEVEL = "-O";
				VALIDATE_PRODUCT = YES;
			};
			name = Release;
		};
		D416806A2A5E4CFE0038BDD9 /* Debug */ = {
			isa = XCBuildConfiguration;
			buildSettings = {
				ASSETCATALOG_COMPILER_APPICON_NAME = AppIcon;
				ASSETCATALOG_COMPILER_GLOBAL_ACCENT_COLOR_NAME = AccentColor;
				CODE_SIGN_STYLE = Automatic;
				CURRENT_PROJECT_VERSION = 1;
				DEVELOPMENT_ASSET_PATHS = "\"GestureSample/Preview Content\"";
				DEVELOPMENT_TEAM = 54B2LPSKPV;
				ENABLE_PREVIEWS = YES;
				GENERATE_INFOPLIST_FILE = YES;
				INFOPLIST_KEY_UIApplicationSceneManifest_Generation = YES;
				INFOPLIST_KEY_UIApplicationSupportsIndirectInputEvents = YES;
				INFOPLIST_KEY_UILaunchScreen_Generation = YES;
				INFOPLIST_KEY_UISupportedInterfaceOrientations_iPad = "UIInterfaceOrientationPortrait UIInterfaceOrientationPortraitUpsideDown UIInterfaceOrientationLandscapeLeft UIInterfaceOrientationLandscapeRight";
				INFOPLIST_KEY_UISupportedInterfaceOrientations_iPhone = "UIInterfaceOrientationPortrait UIInterfaceOrientationLandscapeLeft UIInterfaceOrientationLandscapeRight";
				LD_RUNPATH_SEARCH_PATHS = (
					"$(inherited)",
					"@executable_path/Frameworks",
				);
				MARKETING_VERSION = 1.0;
				PRODUCT_BUNDLE_IDENTIFIER = kr.ac.tukorea.Parkseungho.GestureSample;
				PRODUCT_NAME = "$(TARGET_NAME)";
				SWIFT_EMIT_LOC_STRINGS = YES;
				SWIFT_VERSION = 5.0;
				TARGETED_DEVICE_FAMILY = "1,2";
			};
			name = Debug;
		};
		D416806B2A5E4CFE0038BDD9 /* Release */ = {
			isa = XCBuildConfiguration;
			buildSettings = {
				ASSETCATALOG_COMPILER_APPICON_NAME = AppIcon;
				ASSETCATALOG_COMPILER_GLOBAL_ACCENT_COLOR_NAME = AccentColor;
				CODE_SIGN_STYLE = Automatic;
				CURRENT_PROJECT_VERSION = 1;
				DEVELOPMENT_ASSET_PATHS = "\"GestureSample/Preview Content\"";
				DEVELOPMENT_TEAM = 54B2LPSKPV;
				ENABLE_PREVIEWS = YES;
				GENERATE_INFOPLIST_FILE = YES;
				INFOPLIST_KEY_UIApplicationSceneManifest_Generation = YES;
				INFOPLIST_KEY_UIApplicationSupportsIndirectInputEvents = YES;
				INFOPLIST_KEY_UILaunchScreen_Generation = YES;
				INFOPLIST_KEY_UISupportedInterfaceOrientations_iPad = "UIInterfaceOrientationPortrait UIInterfaceOrientationPortraitUpsideDown UIInterfaceOrientationLandscapeLeft UIInterfaceOrientationLandscapeRight";
				INFOPLIST_KEY_UISupportedInterfaceOrientations_iPhone = "UIInterfaceOrientationPortrait UIInterfaceOrientationLandscapeLeft UIInterfaceOrientationLandscapeRight";
				LD_RUNPATH_SEARCH_PATHS = (
					"$(inherited)",
					"@executable_path/Frameworks",
				);
				MARKETING_VERSION = 1.0;
				PRODUCT_BUNDLE_IDENTIFIER = kr.ac.tukorea.Parkseungho.GestureSample;
				PRODUCT_NAME = "$(TARGET_NAME)";
				SWIFT_EMIT_LOC_STRINGS = YES;
				SWIFT_VERSION = 5.0;
				TARGETED_DEVICE_FAMILY = "1,2";
			};
			name = Release;
		};
		D416806D2A5E4CFE0038BDD9 /* Debug */ = {
			isa = XCBuildConfiguration;
			buildSettings = {
				ALWAYS_EMBED_SWIFT_STANDARD_LIBRARIES = YES;
				BUNDLE_LOADER = "$(TEST_HOST)";
				CODE_SIGN_STYLE = Automatic;
				CURRENT_PROJECT_VERSION = 1;
				DEVELOPMENT_TEAM = 54B2LPSKPV;
				GENERATE_INFOPLIST_FILE = YES;
				IPHONEOS_DEPLOYMENT_TARGET = 16.4;
				MARKETING_VERSION = 1.0;
				PRODUCT_BUNDLE_IDENTIFIER = kr.ac.tukorea.Parkseungho.GestureSampleTests;
				PRODUCT_NAME = "$(TARGET_NAME)";
				SWIFT_EMIT_LOC_STRINGS = NO;
				SWIFT_VERSION = 5.0;
				TARGETED_DEVICE_FAMILY = "1,2";
				TEST_HOST = "$(BUILT_PRODUCTS_DIR)/GestureSample.app/$(BUNDLE_EXECUTABLE_FOLDER_PATH)/GestureSample";
			};
			name = Debug;
		};
		D416806E2A5E4CFE0038BDD9 /* Release */ = {
			isa = XCBuildConfiguration;
			buildSettings = {
				ALWAYS_EMBED_SWIFT_STANDARD_LIBRARIES = YES;
				BUNDLE_LOADER = "$(TEST_HOST)";
				CODE_SIGN_STYLE = Automatic;
				CURRENT_PROJECT_VERSION = 1;
				DEVELOPMENT_TEAM = 54B2LPSKPV;
				GENERATE_INFOPLIST_FILE = YES;
				IPHONEOS_DEPLOYMENT_TARGET = 16.4;
				MARKETING_VERSION = 1.0;
				PRODUCT_BUNDLE_IDENTIFIER = kr.ac.tukorea.Parkseungho.GestureSampleTests;
				PRODUCT_NAME = "$(TARGET_NAME)";
				SWIFT_EMIT_LOC_STRINGS = NO;
				SWIFT_VERSION = 5.0;
				TARGETED_DEVICE_FAMILY = "1,2";
				TEST_HOST = "$(BUILT_PRODUCTS_DIR)/GestureSample.app/$(BUNDLE_EXECUTABLE_FOLDER_PATH)/GestureSample";
			};
			name = Release;
		};
		D41680702A5E4CFE0038BDD9 /* Debug */ = {
			isa = XCBuildConfiguration;
			buildSettings = {
				ALWAYS_EMBED_SWIFT_STANDARD_LIBRARIES = YES;
				CODE_SIGN_STYLE = Automatic;
				CURRENT_PROJECT_VERSION = 1;
				DEVELOPMENT_TEAM = 54B2LPSKPV;
				GENERATE_INFOPLIST_FILE = YES;
				MARKETING_VERSION = 1.0;
				PRODUCT_BUNDLE_IDENTIFIER = kr.ac.tukorea.Parkseungho.GestureSampleUITests;
				PRODUCT_NAME = "$(TARGET_NAME)";
				SWIFT_EMIT_LOC_STRINGS = NO;
				SWIFT_VERSION = 5.0;
				TARGETED_DEVICE_FAMILY = "1,2";
				TEST_TARGET_NAME = GestureSample;
			};
			name = Debug;
		};
		D41680712A5E4CFE0038BDD9 /* Release */ = {
			isa = XCBuildConfiguration;
			buildSettings = {
				ALWAYS_EMBED_SWIFT_STANDARD_LIBRARIES = YES;
				CODE_SIGN_STYLE = Automatic;
				CURRENT_PROJECT_VERSION = 1;
				DEVELOPMENT_TEAM = 54B2LPSKPV;
				GENERATE_INFOPLIST_FILE = YES;
				MARKETING_VERSION = 1.0;
				PRODUCT_BUNDLE_IDENTIFIER = kr.ac.tukorea.Parkseungho.GestureSampleUITests;
				PRODUCT_NAME = "$(TARGET_NAME)";
				SWIFT_EMIT_LOC_STRINGS = NO;
				SWIFT_VERSION = 5.0;
				TARGETED_DEVICE_FAMILY = "1,2";
				TEST_TARGET_NAME = GestureSample;
			};
			name = Release;
		};
/* End XCBuildConfiguration section */

/* Begin XCConfigurationList section */
		D41680402A5E4CFD0038BDD9 /* Build configuration list for PBXProject "GestureSample" */ = {
			isa = XCConfigurationList;
			buildConfigurations = (
				D41680672A5E4CFE0038BDD9 /* Debug */,
				D41680682A5E4CFE0038BDD9 /* Release */,
			);
			defaultConfigurationIsVisible = 0;
			defaultConfigurationName = Release;
		};
		D41680692A5E4CFE0038BDD9 /* Build configuration list for PBXNativeTarget "GestureSample" */ = {
			isa = XCConfigurationList;
			buildConfigurations = (
				D416806A2A5E4CFE0038BDD9 /* Debug */,
				D416806B2A5E4CFE0038BDD9 /* Release */,
			);
			defaultConfigurationIsVisible = 0;
			defaultConfigurationName = Release;
		};
		D416806C2A5E4CFE0038BDD9 /* Build configuration list for PBXNativeTarget "GestureSampleTests" */ = {
			isa = XCConfigurationList;
			buildConfigurations = (
				D416806D2A5E4CFE0038BDD9 /* Debug */,
				D416806E2A5E4CFE0038BDD9 /* Release */,
			);
			defaultConfigurationIsVisible = 0;
			defaultConfigurationName = Release;
		};
		D416806F2A5E4CFE0038BDD9 /* Build configuration list for PBXNativeTarget "GestureSampleUITests" */ = {
			isa = XCConfigurationList;
			buildConfigurations = (
				D41680702A5E4CFE0038BDD9 /* Debug */,
				D41680712A5E4CFE0038BDD9 /* Release */,
			);
			defaultConfigurationIsVisible = 0;
			defaultConfigurationName = Release;
		};
/* End XCConfigurationList section */
	};
	rootObject = D416803D2A5E4CFD0038BDD9 /* Project object */;
}
