// !$*UTF8*$!
{
	archiveVersion = 1;
	classes = {
	};
	objectVersion = 56;
	objects = {

/* Begin PBXBuildFile section */
		D454CADC2A5FE2ED00D54D5F /* AlbumSampleApp.swift in Sources */ = {isa = PBXBuildFile; fileRef = D454CADB2A5FE2ED00D54D5F /* AlbumSampleApp.swift */; };
		D454CADE2A5FE2ED00D54D5F /* ContentView.swift in Sources */ = {isa = PBXBuildFile; fileRef = D454CADD2A5FE2ED00D54D5F /* ContentView.swift */; };
		D454CAE02A5FE2F000D54D5F /* Assets.xcassets in Resources */ = {isa = PBXBuildFile; fileRef = D454CADF2A5FE2F000D54D5F /* Assets.xcassets */; };
		D454CAE32A5FE2F000D54D5F /* Preview Assets.xcassets in Resources */ = {isa = PBXBuildFile; fileRef = D454CAE22A5FE2F000D54D5F /* Preview Assets.xcassets */; };
		D454CAED2A5FE2F100D54D5F /* AlbumSampleTests.swift in Sources */ = {isa = PBXBuildFile; fileRef = D454CAEC2A5FE2F100D54D5F /* AlbumSampleTests.swift */; };
		D454CAF72A5FE2F100D54D5F /* AlbumSampleUITests.swift in Sources */ = {isa = PBXBuildFile; fileRef = D454CAF62A5FE2F100D54D5F /* AlbumSampleUITests.swift */; };
		D454CAF92A5FE2F100D54D5F /* AlbumSampleUITestsLaunchTests.swift in Sources */ = {isa = PBXBuildFile; fileRef = D454CAF82A5FE2F100D54D5F /* AlbumSampleUITestsLaunchTests.swift */; };
		D454CB082A5FEA0600D54D5F /* AlbumStore.swift in Sources */ = {isa = PBXBuildFile; fileRef = D454CB072A5FEA0600D54D5F /* AlbumStore.swift */; };
		D45EDB762A60E00C007027F8 /* res in Resources */ = {isa = PBXBuildFile; fileRef = D45EDB752A60E00C007027F8 /* res */; };
		D45EDB7A2A60E8F3007027F8 /* ImageStore.swift in Sources */ = {isa = PBXBuildFile; fileRef = D45EDB792A60E8F3007027F8 /* ImageStore.swift */; };
/* End PBXBuildFile section */

/* Begin PBXContainerItemProxy section */
		D454CAE92A5FE2F100D54D5F /* PBXContainerItemProxy */ = {
			isa = PBXContainerItemProxy;
			containerPortal = D454CAD02A5FE2ED00D54D5F /* Project object */;
			proxyType = 1;
			remoteGlobalIDString = D454CAD72A5FE2ED00D54D5F;
			remoteInfo = AlbumSample;
		};
		D454CAF32A5FE2F100D54D5F /* PBXContainerItemProxy */ = {
			isa = PBXContainerItemProxy;
			containerPortal = D454CAD02A5FE2ED00D54D5F /* Project object */;
			proxyType = 1;
			remoteGlobalIDString = D454CAD72A5FE2ED00D54D5F;
			remoteInfo = AlbumSample;
		};
/* End PBXContainerItemProxy section */

/* Begin PBXFileReference section */
		D454CAD82A5FE2ED00D54D5F /* AlbumSample.app */ = {isa = PBXFileReference; explicitFileType = wrapper.application; includeInIndex = 0; path = AlbumSample.app; sourceTree = BUILT_PRODUCTS_DIR; };
		D454CADB2A5FE2ED00D54D5F /* AlbumSampleApp.swift */ = {isa = PBXFileReference; lastKnownFileType = sourcecode.swift; path = AlbumSampleApp.swift; sourceTree = "<group>"; };
		D454CADD2A5FE2ED00D54D5F /* ContentView.swift */ = {isa = PBXFileReference; lastKnownFileType = sourcecode.swift; path = ContentView.swift; sourceTree = "<group>"; };
		D454CADF2A5FE2F000D54D5F /* Assets.xcassets */ = {isa = PBXFileReference; lastKnownFileType = folder.assetcatalog; path = Assets.xcassets; sourceTree = "<group>"; };
		D454CAE22A5FE2F000D54D5F /* Preview Assets.xcassets */ = {isa = PBXFileReference; lastKnownFileType = folder.assetcatalog; path = "Preview Assets.xcassets"; sourceTree = "<group>"; };
		D454CAE82A5FE2F100D54D5F /* AlbumSampleTests.xctest */ = {isa = PBXFileReference; explicitFileType = wrapper.cfbundle; includeInIndex = 0; path = AlbumSampleTests.xctest; sourceTree = BUILT_PRODUCTS_DIR; };
		D454CAEC2A5FE2F100D54D5F /* AlbumSampleTests.swift */ = {isa = PBXFileReference; lastKnownFileType = sourcecode.swift; path = AlbumSampleTests.swift; sourceTree = "<group>"; };
		D454CAF22A5FE2F100D54D5F /* AlbumSampleUITests.xctest */ = {isa = PBXFileReference; explicitFileType = wrapper.cfbundle; includeInIndex = 0; path = AlbumSampleUITests.xctest; sourceTree = BUILT_PRODUCTS_DIR; };
		D454CAF62A5FE2F100D54D5F /* AlbumSampleUITests.swift */ = {isa = PBXFileReference; lastKnownFileType = sourcecode.swift; path = AlbumSampleUITests.swift; sourceTree = "<group>"; };
		D454CAF82A5FE2F100D54D5F /* AlbumSampleUITestsLaunchTests.swift */ = {isa = PBXFileReference; lastKnownFileType = sourcecode.swift; path = AlbumSampleUITestsLaunchTests.swift; sourceTree = "<group>"; };
		D454CB072A5FEA0600D54D5F /* AlbumStore.swift */ = {isa = PBXFileReference; lastKnownFileType = sourcecode.swift; path = AlbumStore.swift; sourceTree = "<group>"; };
		D45EDB752A60E00C007027F8 /* res */ = {isa = PBXFileReference; lastKnownFileType = folder; path = res; sourceTree = "<group>"; };
		D45EDB792A60E8F3007027F8 /* ImageStore.swift */ = {isa = PBXFileReference; lastKnownFileType = sourcecode.swift; path = ImageStore.swift; sourceTree = "<group>"; };
		D45EDB7B2A60F34B007027F8 /* Info.plist */ = {isa = PBXFileReference; lastKnownFileType = text.plist; path = Info.plist; sourceTree = "<group>"; };
/* End PBXFileReference section */

/* Begin PBXFrameworksBuildPhase section */
		D454CAD52A5FE2ED00D54D5F /* Frameworks */ = {
			isa = PBXFrameworksBuildPhase;
			buildActionMask = 2147483647;
			files = (
			);
			runOnlyForDeploymentPostprocessing = 0;
		};
		D454CAE52A5FE2F100D54D5F /* Frameworks */ = {
			isa = PBXFrameworksBuildPhase;
			buildActionMask = 2147483647;
			files = (
			);
			runOnlyForDeploymentPostprocessing = 0;
		};
		D454CAEF2A5FE2F100D54D5F /* Frameworks */ = {
			isa = PBXFrameworksBuildPhase;
			buildActionMask = 2147483647;
			files = (
			);
			runOnlyForDeploymentPostprocessing = 0;
		};
/* End PBXFrameworksBuildPhase section */

/* Begin PBXGroup section */
		D454CACF2A5FE2ED00D54D5F = {
			isa = PBXGroup;
			children = (
				D454CADA2A5FE2ED00D54D5F /* AlbumSample */,
				D454CAEB2A5FE2F100D54D5F /* AlbumSampleTests */,
				D454CAF52A5FE2F100D54D5F /* AlbumSampleUITests */,
				D454CAD92A5FE2ED00D54D5F /* Products */,
			);
			sourceTree = "<group>";
		};
		D454CAD92A5FE2ED00D54D5F /* Products */ = {
			isa = PBXGroup;
			children = (
				D454CAD82A5FE2ED00D54D5F /* AlbumSample.app */,
				D454CAE82A5FE2F100D54D5F /* AlbumSampleTests.xctest */,
				D454CAF22A5FE2F100D54D5F /* AlbumSampleUITests.xctest */,
			);
			name = Products;
			sourceTree = "<group>";
		};
		D454CADA2A5FE2ED00D54D5F /* AlbumSample */ = {
			isa = PBXGroup;
			children = (
				D45EDB7B2A60F34B007027F8 /* Info.plist */,
				D45EDB752A60E00C007027F8 /* res */,
				D454CADB2A5FE2ED00D54D5F /* AlbumSampleApp.swift */,
				D454CADD2A5FE2ED00D54D5F /* ContentView.swift */,
				D454CADF2A5FE2F000D54D5F /* Assets.xcassets */,
				D454CAE12A5FE2F000D54D5F /* Preview Content */,
				D454CB072A5FEA0600D54D5F /* AlbumStore.swift */,
				D45EDB792A60E8F3007027F8 /* ImageStore.swift */,
			);
			path = AlbumSample;
			sourceTree = "<group>";
		};
		D454CAE12A5FE2F000D54D5F /* Preview Content */ = {
			isa = PBXGroup;
			children = (
				D454CAE22A5FE2F000D54D5F /* Preview Assets.xcassets */,
			);
			path = "Preview Content";
			sourceTree = "<group>";
		};
		D454CAEB2A5FE2F100D54D5F /* AlbumSampleTests */ = {
			isa = PBXGroup;
			children = (
				D454CAEC2A5FE2F100D54D5F /* AlbumSampleTests.swift */,
			);
			path = AlbumSampleTests;
			sourceTree = "<group>";
		};
		D454CAF52A5FE2F100D54D5F /* AlbumSampleUITests */ = {
			isa = PBXGroup;
			children = (
				D454CAF62A5FE2F100D54D5F /* AlbumSampleUITests.swift */,
				D454CAF82A5FE2F100D54D5F /* AlbumSampleUITestsLaunchTests.swift */,
			);
			path = AlbumSampleUITests;
			sourceTree = "<group>";
		};
/* End PBXGroup section */

/* Begin PBXNativeTarget section */
		D454CAD72A5FE2ED00D54D5F /* AlbumSample */ = {
			isa = PBXNativeTarget;
			buildConfigurationList = D454CAFC2A5FE2F100D54D5F /* Build configuration list for PBXNativeTarget "AlbumSample" */;
			buildPhases = (
				D454CAD42A5FE2ED00D54D5F /* Sources */,
				D454CAD52A5FE2ED00D54D5F /* Frameworks */,
				D454CAD62A5FE2ED00D54D5F /* Resources */,
			);
			buildRules = (
			);
			dependencies = (
			);
			name = AlbumSample;
			productName = AlbumSample;
			productReference = D454CAD82A5FE2ED00D54D5F /* AlbumSample.app */;
			productType = "com.apple.product-type.application";
		};
		D454CAE72A5FE2F100D54D5F /* AlbumSampleTests */ = {
			isa = PBXNativeTarget;
			buildConfigurationList = D454CAFF2A5FE2F100D54D5F /* Build configuration list for PBXNativeTarget "AlbumSampleTests" */;
			buildPhases = (
				D454CAE42A5FE2F100D54D5F /* Sources */,
				D454CAE52A5FE2F100D54D5F /* Frameworks */,
				D454CAE62A5FE2F100D54D5F /* Resources */,
			);
			buildRules = (
			);
			dependencies = (
				D454CAEA2A5FE2F100D54D5F /* PBXTargetDependency */,
			);
			name = AlbumSampleTests;
			productName = AlbumSampleTests;
			productReference = D454CAE82A5FE2F100D54D5F /* AlbumSampleTests.xctest */;
			productType = "com.apple.product-type.bundle.unit-test";
		};
		D454CAF12A5FE2F100D54D5F /* AlbumSampleUITests */ = {
			isa = PBXNativeTarget;
			buildConfigurationList = D454CB022A5FE2F100D54D5F /* Build configuration list for PBXNativeTarget "AlbumSampleUITests" */;
			buildPhases = (
				D454CAEE2A5FE2F100D54D5F /* Sources */,
				D454CAEF2A5FE2F100D54D5F /* Frameworks */,
				D454CAF02A5FE2F100D54D5F /* Resources */,
			);
			buildRules = (
			);
			dependencies = (
				D454CAF42A5FE2F100D54D5F /* PBXTargetDependency */,
			);
			name = AlbumSampleUITests;
			productName = AlbumSampleUITests;
			productReference = D454CAF22A5FE2F100D54D5F /* AlbumSampleUITests.xctest */;
			productType = "com.apple.product-type.bundle.ui-testing";
		};
/* End PBXNativeTarget section */

/* Begin PBXProject section */
		D454CAD02A5FE2ED00D54D5F /* Project object */ = {
			isa = PBXProject;
			attributes = {
				BuildIndependentTargetsInParallel = 1;
				LastSwiftUpdateCheck = 1430;
				LastUpgradeCheck = 1430;
				TargetAttributes = {
					D454CAD72A5FE2ED00D54D5F = {
						CreatedOnToolsVersion = 14.3;
					};
					D454CAE72A5FE2F100D54D5F = {
						CreatedOnToolsVersion = 14.3;
						TestTargetID = D454CAD72A5FE2ED00D54D5F;
					};
					D454CAF12A5FE2F100D54D5F = {
						CreatedOnToolsVersion = 14.3;
						TestTargetID = D454CAD72A5FE2ED00D54D5F;
					};
				};
			};
			buildConfigurationList = D454CAD32A5FE2ED00D54D5F /* Build configuration list for PBXProject "AlbumSample" */;
			compatibilityVersion = "Xcode 14.0";
			developmentRegion = en;
			hasScannedForEncodings = 0;
			knownRegions = (
				en,
				Base,
			);
			mainGroup = D454CACF2A5FE2ED00D54D5F;
			productRefGroup = D454CAD92A5FE2ED00D54D5F /* Products */;
			projectDirPath = "";
			projectRoot = "";
			targets = (
				D454CAD72A5FE2ED00D54D5F /* AlbumSample */,
				D454CAE72A5FE2F100D54D5F /* AlbumSampleTests */,
				D454CAF12A5FE2F100D54D5F /* AlbumSampleUITests */,
			);
		};
/* End PBXProject section */

/* Begin PBXResourcesBuildPhase section */
		D454CAD62A5FE2ED00D54D5F /* Resources */ = {
			isa = PBXResourcesBuildPhase;
			buildActionMask = 2147483647;
			files = (
				D45EDB762A60E00C007027F8 /* res in Resources */,
				D454CAE32A5FE2F000D54D5F /* Preview Assets.xcassets in Resources */,
				D454CAE02A5FE2F000D54D5F /* Assets.xcassets in Resources */,
			);
			runOnlyForDeploymentPostprocessing = 0;
		};
		D454CAE62A5FE2F100D54D5F /* Resources */ = {
			isa = PBXResourcesBuildPhase;
			buildActionMask = 2147483647;
			files = (
			);
			runOnlyForDeploymentPostprocessing = 0;
		};
		D454CAF02A5FE2F100D54D5F /* Resources */ = {
			isa = PBXResourcesBuildPhase;
			buildActionMask = 2147483647;
			files = (
			);
			runOnlyForDeploymentPostprocessing = 0;
		};
/* End PBXResourcesBuildPhase section */

/* Begin PBXSourcesBuildPhase section */
		D454CAD42A5FE2ED00D54D5F /* Sources */ = {
			isa = PBXSourcesBuildPhase;
			buildActionMask = 2147483647;
			files = (
				D454CADE2A5FE2ED00D54D5F /* ContentView.swift in Sources */,
				D454CADC2A5FE2ED00D54D5F /* AlbumSampleApp.swift in Sources */,
				D454CB082A5FEA0600D54D5F /* AlbumStore.swift in Sources */,
				D45EDB7A2A60E8F3007027F8 /* ImageStore.swift in Sources */,
			);
			runOnlyForDeploymentPostprocessing = 0;
		};
		D454CAE42A5FE2F100D54D5F /* Sources */ = {
			isa = PBXSourcesBuildPhase;
			buildActionMask = 2147483647;
			files = (
				D454CAED2A5FE2F100D54D5F /* AlbumSampleTests.swift in Sources */,
			);
			runOnlyForDeploymentPostprocessing = 0;
		};
		D454CAEE2A5FE2F100D54D5F /* Sources */ = {
			isa = PBXSourcesBuildPhase;
			buildActionMask = 2147483647;
			files = (
				D454CAF92A5FE2F100D54D5F /* AlbumSampleUITestsLaunchTests.swift in Sources */,
				D454CAF72A5FE2F100D54D5F /* AlbumSampleUITests.swift in Sources */,
			);
			runOnlyForDeploymentPostprocessing = 0;
		};
/* End PBXSourcesBuildPhase section */

/* Begin PBXTargetDependency section */
		D454CAEA2A5FE2F100D54D5F /* PBXTargetDependency */ = {
			isa = PBXTargetDependency;
			target = D454CAD72A5FE2ED00D54D5F /* AlbumSample */;
			targetProxy = D454CAE92A5FE2F100D54D5F /* PBXContainerItemProxy */;
		};
		D454CAF42A5FE2F100D54D5F /* PBXTargetDependency */ = {
			isa = PBXTargetDependency;
			target = D454CAD72A5FE2ED00D54D5F /* AlbumSample */;
			targetProxy = D454CAF32A5FE2F100D54D5F /* PBXContainerItemProxy */;
		};
/* End PBXTargetDependency section */

/* Begin XCBuildConfiguration section */
		D454CAFA2A5FE2F100D54D5F /* Debug */ = {
			isa = XCBuildConfiguration;
			buildSettings = {
				ALWAYS_SEARCH_USER_PATHS = NO;
				CLANG_ANALYZER_NONNULL = YES;
				CLANG_ANALYZER_NUMBER_OBJECT_CONVERSION = YES_AGGRESSIVE;
				CLANG_CXX_LANGUAGE_STANDARD = "gnu++20";
				CLANG_ENABLE_MODULES = YES;
				CLANG_ENABLE_OBJC_ARC = YES;
				CLANG_ENABLE_OBJC_WEAK = YES;
				CLANG_WARN_BLOCK_CAPTURE_AUTORELEASING = YES;
				CLANG_WARN_BOOL_CONVERSION = YES;
				CLANG_WARN_COMMA = YES;
				CLANG_WARN_CONSTANT_CONVERSION = YES;
				CLANG_WARN_DEPRECATED_OBJC_IMPLEMENTATIONS = YES;
				CLANG_WARN_DIRECT_OBJC_ISA_USAGE = YES_ERROR;
				CLANG_WARN_DOCUMENTATION_COMMENTS = YES;
				CLANG_WARN_EMPTY_BODY = YES;
				CLANG_WARN_ENUM_CONVERSION = YES;
				CLANG_WARN_INFINITE_RECURSION = YES;
				CLANG_WARN_INT_CONVERSION = YES;
				CLANG_WARN_NON_LITERAL_NULL_CONVERSION = YES;
				CLANG_WARN_OBJC_IMPLICIT_RETAIN_SELF = YES;
				CLANG_WARN_OBJC_LITERAL_CONVERSION = YES;
				CLANG_WARN_OBJC_ROOT_CLASS = YES_ERROR;
				CLANG_WARN_QUOTED_INCLUDE_IN_FRAMEWORK_HEADER = YES;
				CLANG_WARN_RANGE_LOOP_ANALYSIS = YES;
				CLANG_WARN_STRICT_PROTOTYPES = YES;
				CLANG_WARN_SUSPICIOUS_MOVE = YES;
				CLANG_WARN_UNGUARDED_AVAILABILITY = YES_AGGRESSIVE;
				CLANG_WARN_UNREACHABLE_CODE = YES;
				CLANG_WARN__DUPLICATE_METHOD_MATCH = YES;
				COPY_PHASE_STRIP = NO;
				DEBUG_INFORMATION_FORMAT = dwarf;
				ENABLE_STRICT_OBJC_MSGSEND = YES;
				ENABLE_TESTABILITY = YES;
				GCC_C_LANGUAGE_STANDARD = gnu11;
				GCC_DYNAMIC_NO_PIC = NO;
				GCC_NO_COMMON_BLOCKS = YES;
				GCC_OPTIMIZATION_LEVEL = 0;
				GCC_PREPROCESSOR_DEFINITIONS = (
					"DEBUG=1",
					"$(inherited)",
				);
				GCC_WARN_64_TO_32_BIT_CONVERSION = YES;
				GCC_WARN_ABOUT_RETURN_TYPE = YES_ERROR;
				GCC_WARN_UNDECLARED_SELECTOR = YES;
				GCC_WARN_UNINITIALIZED_AUTOS = YES_AGGRESSIVE;
				GCC_WARN_UNUSED_FUNCTION = YES;
				GCC_WARN_UNUSED_VARIABLE = YES;
				IPHONEOS_DEPLOYMENT_TARGET = 16.4;
				MTL_ENABLE_DEBUG_INFO = INCLUDE_SOURCE;
				MTL_FAST_MATH = YES;
				ONLY_ACTIVE_ARCH = YES;
				SDKROOT = iphoneos;
				SWIFT_ACTIVE_COMPILATION_CONDITIONS = DEBUG;
				SWIFT_OPTIMIZATION_LEVEL = "-Onone";
			};
			name = Debug;
		};
		D454CAFB2A5FE2F100D54D5F /* Release */ = {
			isa = XCBuildConfiguration;
			buildSettings = {
				ALWAYS_SEARCH_USER_PATHS = NO;
				CLANG_ANALYZER_NONNULL = YES;
				CLANG_ANALYZER_NUMBER_OBJECT_CONVERSION = YES_AGGRESSIVE;
				CLANG_CXX_LANGUAGE_STANDARD = "gnu++20";
				CLANG_ENABLE_MODULES = YES;
				CLANG_ENABLE_OBJC_ARC = YES;
				CLANG_ENABLE_OBJC_WEAK = YES;
				CLANG_WARN_BLOCK_CAPTURE_AUTORELEASING = YES;
				CLANG_WARN_BOOL_CONVERSION = YES;
				CLANG_WARN_COMMA = YES;
				CLANG_WARN_CONSTANT_CONVERSION = YES;
				CLANG_WARN_DEPRECATED_OBJC_IMPLEMENTATIONS = YES;
				CLANG_WARN_DIRECT_OBJC_ISA_USAGE = YES_ERROR;
				CLANG_WARN_DOCUMENTATION_COMMENTS = YES;
				CLANG_WARN_EMPTY_BODY = YES;
				CLANG_WARN_ENUM_CONVERSION = YES;
				CLANG_WARN_INFINITE_RECURSION = YES;
				CLANG_WARN_INT_CONVERSION = YES;
				CLANG_WARN_NON_LITERAL_NULL_CONVERSION = YES;
				CLANG_WARN_OBJC_IMPLICIT_RETAIN_SELF = YES;
				CLANG_WARN_OBJC_LITERAL_CONVERSION = YES;
				CLANG_WARN_OBJC_ROOT_CLASS = YES_ERROR;
				CLANG_WARN_QUOTED_INCLUDE_IN_FRAMEWORK_HEADER = YES;
				CLANG_WARN_RANGE_LOOP_ANALYSIS = YES;
				CLANG_WARN_STRICT_PROTOTYPES = YES;
				CLANG_WARN_SUSPICIOUS_MOVE = YES;
				CLANG_WARN_UNGUARDED_AVAILABILITY = YES_AGGRESSIVE;
				CLANG_WARN_UNREACHABLE_CODE = YES;
				CLANG_WARN__DUPLICATE_METHOD_MATCH = YES;
				COPY_PHASE_STRIP = NO;
				DEBUG_INFORMATION_FORMAT = "dwarf-with-dsym";
				ENABLE_NS_ASSERTIONS = NO;
				ENABLE_STRICT_OBJC_MSGSEND = YES;
				GCC_C_LANGUAGE_STANDARD = gnu11;
				GCC_NO_COMMON_BLOCKS = YES;
				GCC_WARN_64_TO_32_BIT_CONVERSION = YES;
				GCC_WARN_ABOUT_RETURN_TYPE = YES_ERROR;
				GCC_WARN_UNDECLARED_SELECTOR = YES;
				GCC_WARN_UNINITIALIZED_AUTOS = YES_AGGRESSIVE;
				GCC_WARN_UNUSED_FUNCTION = YES;
				GCC_WARN_UNUSED_VARIABLE = YES;
				IPHONEOS_DEPLOYMENT_TARGET = 16.4;
				MTL_ENABLE_DEBUG_INFO = NO;
				MTL_FAST_MATH = YES;
				SDKROOT = iphoneos;
				SWIFT_COMPILATION_MODE = wholemodule;
				SWIFT_OPTIMIZATION_LEVEL = "-O";
				VALIDATE_PRODUCT = YES;
			};
			name = Release;
		};
		D454CAFD2A5FE2F100D54D5F /* Debug */ = {
			isa = XCBuildConfiguration;
			buildSettings = {
				ASSETCATALOG_COMPILER_APPICON_NAME = AppIcon;
				ASSETCATALOG_COMPILER_GLOBAL_ACCENT_COLOR_NAME = AccentColor;
				CODE_SIGN_STYLE = Automatic;
				CURRENT_PROJECT_VERSION = 1;
				DEVELOPMENT_ASSET_PATHS = "\"AlbumSample/Preview Content\"";
				DEVELOPMENT_TEAM = 54B2LPSKPV;
				ENABLE_PREVIEWS = YES;
				GENERATE_INFOPLIST_FILE = YES;
				INFOPLIST_FILE = AlbumSample/Info.plist;
				INFOPLIST_KEY_UIApplicationSceneManifest_Generation = YES;
				INFOPLIST_KEY_UIApplicationSupportsIndirectInputEvents = YES;
				INFOPLIST_KEY_UILaunchScreen_Generation = YES;
				INFOPLIST_KEY_UISupportedInterfaceOrientations_iPad = "UIInterfaceOrientationPortrait UIInterfaceOrientationPortraitUpsideDown UIInterfaceOrientationLandscapeLeft UIInterfaceOrientationLandscapeRight";
				INFOPLIST_KEY_UISupportedInterfaceOrientations_iPhone = "UIInterfaceOrientationPortrait UIInterfaceOrientationLandscapeLeft UIInterfaceOrientationLandscapeRight";
				LD_RUNPATH_SEARCH_PATHS = (
					"$(inherited)",
					"@executable_path/Frameworks",
				);
				MARKETING_VERSION = 1.0;
				PRODUCT_BUNDLE_IDENTIFIER = kr.ac.tukorea.Parkseungho.AlbumSample;
				PRODUCT_NAME = "$(TARGET_NAME)";
				SWIFT_EMIT_LOC_STRINGS = YES;
				SWIFT_VERSION = 5.0;
				TARGETED_DEVICE_FAMILY = "1,2";
			};
			name = Debug;
		};
		D454CAFE2A5FE2F100D54D5F /* Release */ = {
			isa = XCBuildConfiguration;
			buildSettings = {
				ASSETCATALOG_COMPILER_APPICON_NAME = AppIcon;
				ASSETCATALOG_COMPILER_GLOBAL_ACCENT_COLOR_NAME = AccentColor;
				CODE_SIGN_STYLE = Automatic;
				CURRENT_PROJECT_VERSION = 1;
				DEVELOPMENT_ASSET_PATHS = "\"AlbumSample/Preview Content\"";
				DEVELOPMENT_TEAM = 54B2LPSKPV;
				ENABLE_PREVIEWS = YES;
				GENERATE_INFOPLIST_FILE = YES;
				INFOPLIST_FILE = AlbumSample/Info.plist;
				INFOPLIST_KEY_UIApplicationSceneManifest_Generation = YES;
				INFOPLIST_KEY_UIApplicationSupportsIndirectInputEvents = YES;
				INFOPLIST_KEY_UILaunchScreen_Generation = YES;
				INFOPLIST_KEY_UISupportedInterfaceOrientations_iPad = "UIInterfaceOrientationPortrait UIInterfaceOrientationPortraitUpsideDown UIInterfaceOrientationLandscapeLeft UIInterfaceOrientationLandscapeRight";
				INFOPLIST_KEY_UISupportedInterfaceOrientations_iPhone = "UIInterfaceOrientationPortrait UIInterfaceOrientationLandscapeLeft UIInterfaceOrientationLandscapeRight";
				LD_RUNPATH_SEARCH_PATHS = (
					"$(inherited)",
					"@executable_path/Frameworks",
				);
				MARKETING_VERSION = 1.0;
				PRODUCT_BUNDLE_IDENTIFIER = kr.ac.tukorea.Parkseungho.AlbumSample;
				PRODUCT_NAME = "$(TARGET_NAME)";
				SWIFT_EMIT_LOC_STRINGS = YES;
				SWIFT_VERSION = 5.0;
				TARGETED_DEVICE_FAMILY = "1,2";
			};
			name = Release;
		};
		D454CB002A5FE2F100D54D5F /* Debug */ = {
			isa = XCBuildConfiguration;
			buildSettings = {
				ALWAYS_EMBED_SWIFT_STANDARD_LIBRARIES = YES;
				BUNDLE_LOADER = "$(TEST_HOST)";
				CODE_SIGN_STYLE = Automatic;
				CURRENT_PROJECT_VERSION = 1;
				DEVELOPMENT_TEAM = 54B2LPSKPV;
				GENERATE_INFOPLIST_FILE = YES;
				IPHONEOS_DEPLOYMENT_TARGET = 16.4;
				MARKETING_VERSION = 1.0;
				PRODUCT_BUNDLE_IDENTIFIER = kr.ac.tukorea.Parkseungho.AlbumSampleTests;
				PRODUCT_NAME = "$(TARGET_NAME)";
				SWIFT_EMIT_LOC_STRINGS = NO;
				SWIFT_VERSION = 5.0;
				TARGETED_DEVICE_FAMILY = "1,2";
				TEST_HOST = "$(BUILT_PRODUCTS_DIR)/AlbumSample.app/$(BUNDLE_EXECUTABLE_FOLDER_PATH)/AlbumSample";
			};
			name = Debug;
		};
		D454CB012A5FE2F100D54D5F /* Release */ = {
			isa = XCBuildConfiguration;
			buildSettings = {
				ALWAYS_EMBED_SWIFT_STANDARD_LIBRARIES = YES;
				BUNDLE_LOADER = "$(TEST_HOST)";
				CODE_SIGN_STYLE = Automatic;
				CURRENT_PROJECT_VERSION = 1;
				DEVELOPMENT_TEAM = 54B2LPSKPV;
				GENERATE_INFOPLIST_FILE = YES;
				IPHONEOS_DEPLOYMENT_TARGET = 16.4;
				MARKETING_VERSION = 1.0;
				PRODUCT_BUNDLE_IDENTIFIER = kr.ac.tukorea.Parkseungho.AlbumSampleTests;
				PRODUCT_NAME = "$(TARGET_NAME)";
				SWIFT_EMIT_LOC_STRINGS = NO;
				SWIFT_VERSION = 5.0;
				TARGETED_DEVICE_FAMILY = "1,2";
				TEST_HOST = "$(BUILT_PRODUCTS_DIR)/AlbumSample.app/$(BUNDLE_EXECUTABLE_FOLDER_PATH)/AlbumSample";
			};
			name = Release;
		};
		D454CB032A5FE2F100D54D5F /* Debug */ = {
			isa = XCBuildConfiguration;
			buildSettings = {
				ALWAYS_EMBED_SWIFT_STANDARD_LIBRARIES = YES;
				CODE_SIGN_STYLE = Automatic;
				CURRENT_PROJECT_VERSION = 1;
				DEVELOPMENT_TEAM = 54B2LPSKPV;
				GENERATE_INFOPLIST_FILE = YES;
				MARKETING_VERSION = 1.0;
				PRODUCT_BUNDLE_IDENTIFIER = kr.ac.tukorea.Parkseungho.AlbumSampleUITests;
				PRODUCT_NAME = "$(TARGET_NAME)";
				SWIFT_EMIT_LOC_STRINGS = NO;
				SWIFT_VERSION = 5.0;
				TARGETED_DEVICE_FAMILY = "1,2";
				TEST_TARGET_NAME = AlbumSample;
			};
			name = Debug;
		};
		D454CB042A5FE2F100D54D5F /* Release */ = {
			isa = XCBuildConfiguration;
			buildSettings = {
				ALWAYS_EMBED_SWIFT_STANDARD_LIBRARIES = YES;
				CODE_SIGN_STYLE = Automatic;
				CURRENT_PROJECT_VERSION = 1;
				DEVELOPMENT_TEAM = 54B2LPSKPV;
				GENERATE_INFOPLIST_FILE = YES;
				MARKETING_VERSION = 1.0;
				PRODUCT_BUNDLE_IDENTIFIER = kr.ac.tukorea.Parkseungho.AlbumSampleUITests;
				PRODUCT_NAME = "$(TARGET_NAME)";
				SWIFT_EMIT_LOC_STRINGS = NO;
				SWIFT_VERSION = 5.0;
				TARGETED_DEVICE_FAMILY = "1,2";
				TEST_TARGET_NAME = AlbumSample;
			};
			name = Release;
		};
/* End XCBuildConfiguration section */

/* Begin XCConfigurationList section */
		D454CAD32A5FE2ED00D54D5F /* Build configuration list for PBXProject "AlbumSample" */ = {
			isa = XCConfigurationList;
			buildConfigurations = (
				D454CAFA2A5FE2F100D54D5F /* Debug */,
				D454CAFB2A5FE2F100D54D5F /* Release */,
			);
			defaultConfigurationIsVisible = 0;
			defaultConfigurationName = Release;
		};
		D454CAFC2A5FE2F100D54D5F /* Build configuration list for PBXNativeTarget "AlbumSample" */ = {
			isa = XCConfigurationList;
			buildConfigurations = (
				D454CAFD2A5FE2F100D54D5F /* Debug */,
				D454CAFE2A5FE2F100D54D5F /* Release */,
			);
			defaultConfigurationIsVisible = 0;
			defaultConfigurationName = Release;
		};
		D454CAFF2A5FE2F100D54D5F /* Build configuration list for PBXNativeTarget "AlbumSampleTests" */ = {
			isa = XCConfigurationList;
			buildConfigurations = (
				D454CB002A5FE2F100D54D5F /* Debug */,
				D454CB012A5FE2F100D54D5F /* Release */,
			);
			defaultConfigurationIsVisible = 0;
			defaultConfigurationName = Release;
		};
		D454CB022A5FE2F100D54D5F /* Build configuration list for PBXNativeTarget "AlbumSampleUITests" */ = {
			isa = XCConfigurationList;
			buildConfigurations = (
				D454CB032A5FE2F100D54D5F /* Debug */,
				D454CB042A5FE2F100D54D5F /* Release */,
			);
			defaultConfigurationIsVisible = 0;
			defaultConfigurationName = Release;
		};
/* End XCConfigurationList section */
	};
	rootObject = D454CAD02A5FE2ED00D54D5F /* Project object */;
}
